// !$*UTF8*$!
{
	archiveVersion = 1;
	classes = {
	};
	objectVersion = 51;
	objects = {

/* Begin PBXBuildFile section */
		07655CEA83EBE9F4FA347FB7 /* Pods_Pocket_Or_Print_TestShareUITests.framework in Frameworks */ = {isa = PBXBuildFile; fileRef = 1ADDBD41FEAD479C20AE92EF /* Pods_Pocket_Or_Print_TestShareUITests.framework */; };
		207E822F0F558F3385ADC4DD /* Pods_Pocket_Or_Print.framework in Frameworks */ = {isa = PBXBuildFile; fileRef = 796F6DF57DCCBE7B131FE8A5 /* Pods_Pocket_Or_Print.framework */; };
		7378D1224712AE898D7495B6 /* Pods_TestShareTests.framework in Frameworks */ = {isa = PBXBuildFile; fileRef = 40DF0745F2DD917D90387C02 /* Pods_TestShareTests.framework */; };
		F912611225DFCB4D00F782F2 /* PhotoFilm.swift in Sources */ = {isa = PBXBuildFile; fileRef = F912611125DFCB4D00F782F2 /* PhotoFilm.swift */; };
		F912611825DFCBF500F782F2 /* Archives.swift in Sources */ = {isa = PBXBuildFile; fileRef = F912611725DFCBF500F782F2 /* Archives.swift */; };
		F912611E25DFCC3400F782F2 /* CurrentPhoto.swift in Sources */ = {isa = PBXBuildFile; fileRef = F912611D25DFCC3400F782F2 /* CurrentPhoto.swift */; };
		F913C1FF2614A693006E6C98 /* ServerConnectionModelController.swift in Sources */ = {isa = PBXBuildFile; fileRef = F913C1FE2614A693006E6C98 /* ServerConnectionModelController.swift */; };
		F915D66C25DD1AE900EB1700 /* SlideInTransition.swift in Sources */ = {isa = PBXBuildFile; fileRef = F915D66B25DD1AE900EB1700 /* SlideInTransition.swift */; };
		F919A88425C1AB630058B55B /* MenuController.swift in Sources */ = {isa = PBXBuildFile; fileRef = F919A88325C1AB630058B55B /* MenuController.swift */; };
		F919A88A25C1C03C0058B55B /* ProfilViewController.swift in Sources */ = {isa = PBXBuildFile; fileRef = F919A88925C1C03C0058B55B /* ProfilViewController.swift */; };
		F919A89025C1C0E50058B55B /* SettingsViewController.swift in Sources */ = {isa = PBXBuildFile; fileRef = F919A88F25C1C0E50058B55B /* SettingsViewController.swift */; };
		F91DB6F9260355B2008F9A26 /* PopDB.xcdatamodeld in Sources */ = {isa = PBXBuildFile; fileRef = F927BCA7260212760041DA2B /* PopDB.xcdatamodeld */; };
		F91DB70326035B5F008F9A26 /* NSCustomPersistentContainer.swift in Sources */ = {isa = PBXBuildFile; fileRef = F91DB6F326035485008F9A26 /* NSCustomPersistentContainer.swift */; };
		F91DB70926035B88008F9A26 /* NSCustomPersistentContainer.swift in Sources */ = {isa = PBXBuildFile; fileRef = F91DB70826035B88008F9A26 /* NSCustomPersistentContainer.swift */; };
		F9222D33264C129B00C71FAF /* Pods_ShareExtension.framework in Frameworks */ = {isa = PBXBuildFile; fileRef = 0D7F7CCA63C6541C6E17FB30 /* Pods_ShareExtension.framework */; };
		F9222D34264C129B00C71FAF /* Pods_ShareExtension.framework in Embed Frameworks */ = {isa = PBXBuildFile; fileRef = 0D7F7CCA63C6541C6E17FB30 /* Pods_ShareExtension.framework */; settings = {ATTRIBUTES = (CodeSignOnCopy, RemoveHeadersOnCopy, ); }; };
		F927BCA9260212760041DA2B /* PopDB.xcdatamodeld in Sources */ = {isa = PBXBuildFile; fileRef = F927BCA7260212760041DA2B /* PopDB.xcdatamodeld */; };
		F95FCBA92609F19D00D06228 /* CroppingPUViewController.swift in Sources */ = {isa = PBXBuildFile; fileRef = F95FCBA82609F19D00D06228 /* CroppingPUViewController.swift */; };
		F979454825F8CB25002676F5 /* OrderViewController.swift in Sources */ = {isa = PBXBuildFile; fileRef = F979454725F8CB25002676F5 /* OrderViewController.swift */; };
		F9B83F6A25BF0A2F0054E9BB /* LoginViewController.swift in Sources */ = {isa = PBXBuildFile; fileRef = F9B83F6925BF0A2F0054E9BB /* LoginViewController.swift */; };
		F9B83F7025BF0A520054E9BB /* RegisterPageViewController.swift in Sources */ = {isa = PBXBuildFile; fileRef = F9B83F6F25BF0A520054E9BB /* RegisterPageViewController.swift */; };
		F9DF33A525A5F73D008A9C21 /* AppDelegate.swift in Sources */ = {isa = PBXBuildFile; fileRef = F9DF33A425A5F73D008A9C21 /* AppDelegate.swift */; };
		F9DF33A725A5F73D008A9C21 /* SceneDelegate.swift in Sources */ = {isa = PBXBuildFile; fileRef = F9DF33A625A5F73D008A9C21 /* SceneDelegate.swift */; };
		F9DF33A925A5F73D008A9C21 /* HomeViewController.swift in Sources */ = {isa = PBXBuildFile; fileRef = F9DF33A825A5F73D008A9C21 /* HomeViewController.swift */; };
		F9DF33AC25A5F73D008A9C21 /* Main.storyboard in Resources */ = {isa = PBXBuildFile; fileRef = F9DF33AA25A5F73D008A9C21 /* Main.storyboard */; };
		F9DF33AE25A5F73E008A9C21 /* Assets.xcassets in Resources */ = {isa = PBXBuildFile; fileRef = F9DF33AD25A5F73E008A9C21 /* Assets.xcassets */; };
		F9DF33B125A5F73E008A9C21 /* LaunchScreen.storyboard in Resources */ = {isa = PBXBuildFile; fileRef = F9DF33AF25A5F73E008A9C21 /* LaunchScreen.storyboard */; };
		F9DF33BC25A5F73E008A9C21 /* TestShareTests.swift in Sources */ = {isa = PBXBuildFile; fileRef = F9DF33BB25A5F73E008A9C21 /* TestShareTests.swift */; };
		F9DF33C725A5F73E008A9C21 /* TestShareUITests.swift in Sources */ = {isa = PBXBuildFile; fileRef = F9DF33C625A5F73E008A9C21 /* TestShareUITests.swift */; };
		F9DF33DE25A5F7E2008A9C21 /* ShareViewController.swift in Sources */ = {isa = PBXBuildFile; fileRef = F9DF33DD25A5F7E2008A9C21 /* ShareViewController.swift */; };
		F9DF33E525A5F7E2008A9C21 /* ShareExtension.appex in Embed App Extensions */ = {isa = PBXBuildFile; fileRef = F9DF33DB25A5F7E2008A9C21 /* ShareExtension.appex */; settings = {ATTRIBUTES = (RemoveHeadersOnCopy, ); }; };
		F9FE55B726243F9800AE1D0A /* DarwinNotificationCenter.swift in Sources */ = {isa = PBXBuildFile; fileRef = F9970200260102C2001AECD2 /* DarwinNotificationCenter.swift */; };
		F9FE55BD262448EF00AE1D0A /* DarwinNotificationCenter.swift in Sources */ = {isa = PBXBuildFile; fileRef = F9FE55BC262448EF00AE1D0A /* DarwinNotificationCenter.swift */; };
/* End PBXBuildFile section */

/* Begin PBXContainerItemProxy section */
		F9DF33B825A5F73E008A9C21 /* PBXContainerItemProxy */ = {
			isa = PBXContainerItemProxy;
			containerPortal = F9DF339925A5F73D008A9C21 /* Project object */;
			proxyType = 1;
			remoteGlobalIDString = F9DF33A025A5F73D008A9C21;
			remoteInfo = TestShare;
		};
		F9DF33C325A5F73E008A9C21 /* PBXContainerItemProxy */ = {
			isa = PBXContainerItemProxy;
			containerPortal = F9DF339925A5F73D008A9C21 /* Project object */;
			proxyType = 1;
			remoteGlobalIDString = F9DF33A025A5F73D008A9C21;
			remoteInfo = TestShare;
		};
		F9DF33E325A5F7E2008A9C21 /* PBXContainerItemProxy */ = {
			isa = PBXContainerItemProxy;
			containerPortal = F9DF339925A5F73D008A9C21 /* Project object */;
			proxyType = 1;
			remoteGlobalIDString = F9DF33DA25A5F7E2008A9C21;
			remoteInfo = ShareExtension;
		};
/* End PBXContainerItemProxy section */

/* Begin PBXCopyFilesBuildPhase section */
		F9222D35264C129B00C71FAF /* Embed Frameworks */ = {
			isa = PBXCopyFilesBuildPhase;
			buildActionMask = 12;
			dstPath = "";
			dstSubfolderSpec = 10;
			files = (
				F9222D34264C129B00C71FAF /* Pods_ShareExtension.framework in Embed Frameworks */,
			);
			name = "Embed Frameworks";
			runOnlyForDeploymentPostprocessing = 0;
		};
		F9DF33E925A5F7E2008A9C21 /* Embed App Extensions */ = {
			isa = PBXCopyFilesBuildPhase;
			buildActionMask = 2147483647;
			dstPath = "";
			dstSubfolderSpec = 13;
			files = (
				F9DF33E525A5F7E2008A9C21 /* ShareExtension.appex in Embed App Extensions */,
			);
			name = "Embed App Extensions";
			runOnlyForDeploymentPostprocessing = 0;
		};
/* End PBXCopyFilesBuildPhase section */

/* Begin PBXFileReference section */
		0A8C92A92CCE71DD134B410C /* Pods-ShareExtension.debug.xcconfig */ = {isa = PBXFileReference; includeInIndex = 1; lastKnownFileType = text.xcconfig; name = "Pods-ShareExtension.debug.xcconfig"; path = "Target Support Files/Pods-ShareExtension/Pods-ShareExtension.debug.xcconfig"; sourceTree = "<group>"; };
		0D7F7CCA63C6541C6E17FB30 /* Pods_ShareExtension.framework */ = {isa = PBXFileReference; explicitFileType = wrapper.framework; includeInIndex = 0; path = Pods_ShareExtension.framework; sourceTree = BUILT_PRODUCTS_DIR; };
		1ADDBD41FEAD479C20AE92EF /* Pods_Pocket_Or_Print_TestShareUITests.framework */ = {isa = PBXFileReference; explicitFileType = wrapper.framework; includeInIndex = 0; path = Pods_Pocket_Or_Print_TestShareUITests.framework; sourceTree = BUILT_PRODUCTS_DIR; };
		374EEC2FFDBE4DB4E30829F1 /* Pods-ShareExtension.release.xcconfig */ = {isa = PBXFileReference; includeInIndex = 1; lastKnownFileType = text.xcconfig; name = "Pods-ShareExtension.release.xcconfig"; path = "Target Support Files/Pods-ShareExtension/Pods-ShareExtension.release.xcconfig"; sourceTree = "<group>"; };
		3B04F3D2696B0F33E0F825F4 /* Pods-Pocket Or Print-TestShareUITests.release.xcconfig */ = {isa = PBXFileReference; includeInIndex = 1; lastKnownFileType = text.xcconfig; name = "Pods-Pocket Or Print-TestShareUITests.release.xcconfig"; path = "Target Support Files/Pods-Pocket Or Print-TestShareUITests/Pods-Pocket Or Print-TestShareUITests.release.xcconfig"; sourceTree = "<group>"; };
		3E4CD898C7A60B20A5E69BB8 /* Pods-Pocket Or Print-TestShareUITests.debug.xcconfig */ = {isa = PBXFileReference; includeInIndex = 1; lastKnownFileType = text.xcconfig; name = "Pods-Pocket Or Print-TestShareUITests.debug.xcconfig"; path = "Target Support Files/Pods-Pocket Or Print-TestShareUITests/Pods-Pocket Or Print-TestShareUITests.debug.xcconfig"; sourceTree = "<group>"; };
		40DF0745F2DD917D90387C02 /* Pods_TestShareTests.framework */ = {isa = PBXFileReference; explicitFileType = wrapper.framework; includeInIndex = 0; path = Pods_TestShareTests.framework; sourceTree = BUILT_PRODUCTS_DIR; };
		519DAA18CA58C29A8EE1DB0B /* Pods-Pocket Or Print.debug.xcconfig */ = {isa = PBXFileReference; includeInIndex = 1; lastKnownFileType = text.xcconfig; name = "Pods-Pocket Or Print.debug.xcconfig"; path = "Target Support Files/Pods-Pocket Or Print/Pods-Pocket Or Print.debug.xcconfig"; sourceTree = "<group>"; };
		796F6DF57DCCBE7B131FE8A5 /* Pods_Pocket_Or_Print.framework */ = {isa = PBXFileReference; explicitFileType = wrapper.framework; includeInIndex = 0; path = Pods_Pocket_Or_Print.framework; sourceTree = BUILT_PRODUCTS_DIR; };
		7D29D13C0E746928CA8937C3 /* Pods-TestShareTests.debug.xcconfig */ = {isa = PBXFileReference; includeInIndex = 1; lastKnownFileType = text.xcconfig; name = "Pods-TestShareTests.debug.xcconfig"; path = "Target Support Files/Pods-TestShareTests/Pods-TestShareTests.debug.xcconfig"; sourceTree = "<group>"; };
		97EF2C85F80EE60C29B6BCC7 /* Pods-TestShare.release.xcconfig */ = {isa = PBXFileReference; includeInIndex = 1; lastKnownFileType = text.xcconfig; name = "Pods-TestShare.release.xcconfig"; path = "Target Support Files/Pods-TestShare/Pods-TestShare.release.xcconfig"; sourceTree = "<group>"; };
		9BC24ED8FA2381A621D68A7B /* Pods-TestShare-TestShareUITests.release.xcconfig */ = {isa = PBXFileReference; includeInIndex = 1; lastKnownFileType = text.xcconfig; name = "Pods-TestShare-TestShareUITests.release.xcconfig"; path = "Target Support Files/Pods-TestShare-TestShareUITests/Pods-TestShare-TestShareUITests.release.xcconfig"; sourceTree = "<group>"; };
		B3850B7BCB0FEB02865116EF /* Pods-TestShare.debug.xcconfig */ = {isa = PBXFileReference; includeInIndex = 1; lastKnownFileType = text.xcconfig; name = "Pods-TestShare.debug.xcconfig"; path = "Target Support Files/Pods-TestShare/Pods-TestShare.debug.xcconfig"; sourceTree = "<group>"; };
		C49CCE874A3EE4A3305C84FD /* Pods-TestShare-TestShareUITests.debug.xcconfig */ = {isa = PBXFileReference; includeInIndex = 1; lastKnownFileType = text.xcconfig; name = "Pods-TestShare-TestShareUITests.debug.xcconfig"; path = "Target Support Files/Pods-TestShare-TestShareUITests/Pods-TestShare-TestShareUITests.debug.xcconfig"; sourceTree = "<group>"; };
		D3A0724F5D4EC77E97B84CAC /* Pods-Pocket Or Print.release.xcconfig */ = {isa = PBXFileReference; includeInIndex = 1; lastKnownFileType = text.xcconfig; name = "Pods-Pocket Or Print.release.xcconfig"; path = "Target Support Files/Pods-Pocket Or Print/Pods-Pocket Or Print.release.xcconfig"; sourceTree = "<group>"; };
		D75D483E2D3FB0C7C7E0A4A4 /* Pods-TestShareTests.release.xcconfig */ = {isa = PBXFileReference; includeInIndex = 1; lastKnownFileType = text.xcconfig; name = "Pods-TestShareTests.release.xcconfig"; path = "Target Support Files/Pods-TestShareTests/Pods-TestShareTests.release.xcconfig"; sourceTree = "<group>"; };
		F90F777F25F1117E00876DDB /* TestShare.entitlements */ = {isa = PBXFileReference; lastKnownFileType = text.plist.entitlements; path = TestShare.entitlements; sourceTree = "<group>"; };
		F90F778425F1118E00876DDB /* ShareExtension.entitlements */ = {isa = PBXFileReference; lastKnownFileType = text.plist.entitlements; path = ShareExtension.entitlements; sourceTree = "<group>"; };
		F912611125DFCB4D00F782F2 /* PhotoFilm.swift */ = {isa = PBXFileReference; lastKnownFileType = sourcecode.swift; path = PhotoFilm.swift; sourceTree = "<group>"; };
		F912611725DFCBF500F782F2 /* Archives.swift */ = {isa = PBXFileReference; lastKnownFileType = sourcecode.swift; path = Archives.swift; sourceTree = "<group>"; };
		F912611D25DFCC3400F782F2 /* CurrentPhoto.swift */ = {isa = PBXFileReference; lastKnownFileType = sourcecode.swift; path = CurrentPhoto.swift; sourceTree = "<group>"; };
		F913C1FE2614A693006E6C98 /* ServerConnectionModelController.swift */ = {isa = PBXFileReference; lastKnownFileType = sourcecode.swift; name = ServerConnectionModelController.swift; path = TestShare/Controller/ServerConnectionModelController.swift; sourceTree = SOURCE_ROOT; };
		F915D66B25DD1AE900EB1700 /* SlideInTransition.swift */ = {isa = PBXFileReference; lastKnownFileType = sourcecode.swift; path = SlideInTransition.swift; sourceTree = "<group>"; };
		F919A88325C1AB630058B55B /* MenuController.swift */ = {isa = PBXFileReference; lastKnownFileType = sourcecode.swift; path = MenuController.swift; sourceTree = "<group>"; };
		F919A88925C1C03C0058B55B /* ProfilViewController.swift */ = {isa = PBXFileReference; lastKnownFileType = sourcecode.swift; path = ProfilViewController.swift; sourceTree = "<group>"; };
		F919A88F25C1C0E50058B55B /* SettingsViewController.swift */ = {isa = PBXFileReference; lastKnownFileType = sourcecode.swift; path = SettingsViewController.swift; sourceTree = "<group>"; };
		F91DB6F326035485008F9A26 /* NSCustomPersistentContainer.swift */ = {isa = PBXFileReference; lastKnownFileType = sourcecode.swift; path = NSCustomPersistentContainer.swift; sourceTree = "<group>"; };
		F91DB70826035B88008F9A26 /* NSCustomPersistentContainer.swift */ = {isa = PBXFileReference; lastKnownFileType = sourcecode.swift; path = NSCustomPersistentContainer.swift; sourceTree = "<group>"; };
		F927BCA8260212760041DA2B /* PopDB.xcdatamodel */ = {isa = PBXFileReference; lastKnownFileType = wrapper.xcdatamodel; path = PopDB.xcdatamodel; sourceTree = "<group>"; };
		F95FCBA82609F19D00D06228 /* CroppingPUViewController.swift */ = {isa = PBXFileReference; lastKnownFileType = sourcecode.swift; path = CroppingPUViewController.swift; sourceTree = "<group>"; };
		F979454725F8CB25002676F5 /* OrderViewController.swift */ = {isa = PBXFileReference; lastKnownFileType = sourcecode.swift; path = OrderViewController.swift; sourceTree = "<group>"; };
		F979455F25F950A7002676F5 /* TestShareRelease.entitlements */ = {isa = PBXFileReference; lastKnownFileType = text.plist.entitlements; path = TestShareRelease.entitlements; sourceTree = "<group>"; };
		F979456425F9524A002676F5 /* ShareExtensionRelease.entitlements */ = {isa = PBXFileReference; lastKnownFileType = text.plist.entitlements; path = ShareExtensionRelease.entitlements; sourceTree = "<group>"; };
		F9970200260102C2001AECD2 /* DarwinNotificationCenter.swift */ = {isa = PBXFileReference; lastKnownFileType = sourcecode.swift; path = DarwinNotificationCenter.swift; sourceTree = "<group>"; };
		F9B83F6925BF0A2F0054E9BB /* LoginViewController.swift */ = {isa = PBXFileReference; lastKnownFileType = sourcecode.swift; path = LoginViewController.swift; sourceTree = "<group>"; };
		F9B83F6F25BF0A520054E9BB /* RegisterPageViewController.swift */ = {isa = PBXFileReference; lastKnownFileType = sourcecode.swift; path = RegisterPageViewController.swift; sourceTree = "<group>"; };
		F9DF33A125A5F73D008A9C21 /* Pocket Or Print.app */ = {isa = PBXFileReference; explicitFileType = wrapper.application; includeInIndex = 0; path = "Pocket Or Print.app"; sourceTree = BUILT_PRODUCTS_DIR; };
		F9DF33A425A5F73D008A9C21 /* AppDelegate.swift */ = {isa = PBXFileReference; lastKnownFileType = sourcecode.swift; path = AppDelegate.swift; sourceTree = "<group>"; };
		F9DF33A625A5F73D008A9C21 /* SceneDelegate.swift */ = {isa = PBXFileReference; lastKnownFileType = sourcecode.swift; path = SceneDelegate.swift; sourceTree = "<group>"; };
		F9DF33A825A5F73D008A9C21 /* HomeViewController.swift */ = {isa = PBXFileReference; lastKnownFileType = sourcecode.swift; path = HomeViewController.swift; sourceTree = "<group>"; };
		F9DF33AB25A5F73D008A9C21 /* Base */ = {isa = PBXFileReference; lastKnownFileType = file.storyboard; name = Base; path = Base.lproj/Main.storyboard; sourceTree = "<group>"; };
		F9DF33AD25A5F73E008A9C21 /* Assets.xcassets */ = {isa = PBXFileReference; lastKnownFileType = folder.assetcatalog; path = Assets.xcassets; sourceTree = "<group>"; };
		F9DF33B025A5F73E008A9C21 /* Base */ = {isa = PBXFileReference; lastKnownFileType = file.storyboard; name = Base; path = Base.lproj/LaunchScreen.storyboard; sourceTree = "<group>"; };
		F9DF33B225A5F73E008A9C21 /* Info.plist */ = {isa = PBXFileReference; lastKnownFileType = text.plist.xml; path = Info.plist; sourceTree = "<group>"; };
		F9DF33B725A5F73E008A9C21 /* TestShareTests.xctest */ = {isa = PBXFileReference; explicitFileType = wrapper.cfbundle; includeInIndex = 0; path = TestShareTests.xctest; sourceTree = BUILT_PRODUCTS_DIR; };
		F9DF33BB25A5F73E008A9C21 /* TestShareTests.swift */ = {isa = PBXFileReference; lastKnownFileType = sourcecode.swift; path = TestShareTests.swift; sourceTree = "<group>"; };
		F9DF33BD25A5F73E008A9C21 /* Info.plist */ = {isa = PBXFileReference; lastKnownFileType = text.plist.xml; path = Info.plist; sourceTree = "<group>"; };
		F9DF33C225A5F73E008A9C21 /* TestShareUITests.xctest */ = {isa = PBXFileReference; explicitFileType = wrapper.cfbundle; includeInIndex = 0; path = TestShareUITests.xctest; sourceTree = BUILT_PRODUCTS_DIR; };
		F9DF33C625A5F73E008A9C21 /* TestShareUITests.swift */ = {isa = PBXFileReference; lastKnownFileType = sourcecode.swift; path = TestShareUITests.swift; sourceTree = "<group>"; };
		F9DF33C825A5F73E008A9C21 /* Info.plist */ = {isa = PBXFileReference; lastKnownFileType = text.plist.xml; path = Info.plist; sourceTree = "<group>"; };
		F9DF33DB25A5F7E2008A9C21 /* ShareExtension.appex */ = {isa = PBXFileReference; explicitFileType = "wrapper.app-extension"; includeInIndex = 0; path = ShareExtension.appex; sourceTree = BUILT_PRODUCTS_DIR; };
		F9DF33DD25A5F7E2008A9C21 /* ShareViewController.swift */ = {isa = PBXFileReference; lastKnownFileType = sourcecode.swift; path = ShareViewController.swift; sourceTree = "<group>"; };
		F9DF33E225A5F7E2008A9C21 /* Info.plist */ = {isa = PBXFileReference; lastKnownFileType = text.plist.xml; path = Info.plist; sourceTree = "<group>"; };
		F9FE55BC262448EF00AE1D0A /* DarwinNotificationCenter.swift */ = {isa = PBXFileReference; lastKnownFileType = sourcecode.swift; path = DarwinNotificationCenter.swift; sourceTree = "<group>"; };
/* End PBXFileReference section */

/* Begin PBXFrameworksBuildPhase section */
		F9DF339E25A5F73D008A9C21 /* Frameworks */ = {
			isa = PBXFrameworksBuildPhase;
			buildActionMask = 2147483647;
			files = (
				207E822F0F558F3385ADC4DD /* Pods_Pocket_Or_Print.framework in Frameworks */,
			);
			runOnlyForDeploymentPostprocessing = 0;
		};
		F9DF33B425A5F73E008A9C21 /* Frameworks */ = {
			isa = PBXFrameworksBuildPhase;
			buildActionMask = 2147483647;
			files = (
				7378D1224712AE898D7495B6 /* Pods_TestShareTests.framework in Frameworks */,
			);
			runOnlyForDeploymentPostprocessing = 0;
		};
		F9DF33BF25A5F73E008A9C21 /* Frameworks */ = {
			isa = PBXFrameworksBuildPhase;
			buildActionMask = 2147483647;
			files = (
				07655CEA83EBE9F4FA347FB7 /* Pods_Pocket_Or_Print_TestShareUITests.framework in Frameworks */,
			);
			runOnlyForDeploymentPostprocessing = 0;
		};
		F9DF33D825A5F7E2008A9C21 /* Frameworks */ = {
			isa = PBXFrameworksBuildPhase;
			buildActionMask = 2147483647;
			files = (
				F9222D33264C129B00C71FAF /* Pods_ShareExtension.framework in Frameworks */,
			);
			runOnlyForDeploymentPostprocessing = 0;
		};
/* End PBXFrameworksBuildPhase section */

/* Begin PBXGroup section */
		754D32F5BDD55B236F9626DF /* Pods */ = {
			isa = PBXGroup;
			children = (
				0A8C92A92CCE71DD134B410C /* Pods-ShareExtension.debug.xcconfig */,
				374EEC2FFDBE4DB4E30829F1 /* Pods-ShareExtension.release.xcconfig */,
				B3850B7BCB0FEB02865116EF /* Pods-TestShare.debug.xcconfig */,
				97EF2C85F80EE60C29B6BCC7 /* Pods-TestShare.release.xcconfig */,
				C49CCE874A3EE4A3305C84FD /* Pods-TestShare-TestShareUITests.debug.xcconfig */,
				9BC24ED8FA2381A621D68A7B /* Pods-TestShare-TestShareUITests.release.xcconfig */,
				7D29D13C0E746928CA8937C3 /* Pods-TestShareTests.debug.xcconfig */,
				D75D483E2D3FB0C7C7E0A4A4 /* Pods-TestShareTests.release.xcconfig */,
				519DAA18CA58C29A8EE1DB0B /* Pods-Pocket Or Print.debug.xcconfig */,
				D3A0724F5D4EC77E97B84CAC /* Pods-Pocket Or Print.release.xcconfig */,
				3E4CD898C7A60B20A5E69BB8 /* Pods-Pocket Or Print-TestShareUITests.debug.xcconfig */,
				3B04F3D2696B0F33E0F825F4 /* Pods-Pocket Or Print-TestShareUITests.release.xcconfig */,
			);
			path = Pods;
			sourceTree = "<group>";
		};
		A38DD45B4E48D6B462763C23 /* Frameworks */ = {
			isa = PBXGroup;
			children = (
				0D7F7CCA63C6541C6E17FB30 /* Pods_ShareExtension.framework */,
				40DF0745F2DD917D90387C02 /* Pods_TestShareTests.framework */,
				796F6DF57DCCBE7B131FE8A5 /* Pods_Pocket_Or_Print.framework */,
				1ADDBD41FEAD479C20AE92EF /* Pods_Pocket_Or_Print_TestShareUITests.framework */,
			);
			name = Frameworks;
			sourceTree = "<group>";
		};
		F92BC50B25DC097700F7F15A /* Model */ = {
			isa = PBXGroup;
			children = (
				F913C1FE2614A693006E6C98 /* ServerConnectionModelController.swift */,
				F927BCA7260212760041DA2B /* PopDB.xcdatamodeld */,
				F915D66B25DD1AE900EB1700 /* SlideInTransition.swift */,
				F912611125DFCB4D00F782F2 /* PhotoFilm.swift */,
				F912611725DFCBF500F782F2 /* Archives.swift */,
				F912611D25DFCC3400F782F2 /* CurrentPhoto.swift */,
				F91DB70826035B88008F9A26 /* NSCustomPersistentContainer.swift */,
			);
			path = Model;
			sourceTree = "<group>";
		};
		F92BC50C25DC098C00F7F15A /* View */ = {
			isa = PBXGroup;
			children = (
				F9DF33AA25A5F73D008A9C21 /* Main.storyboard */,
				F9DF33AF25A5F73E008A9C21 /* LaunchScreen.storyboard */,
			);
			path = View;
			sourceTree = "<group>";
		};
		F92BC50D25DC099900F7F15A /* Controller */ = {
			isa = PBXGroup;
			children = (
				F9B83F6925BF0A2F0054E9BB /* LoginViewController.swift */,
				F919A88925C1C03C0058B55B /* ProfilViewController.swift */,
				F919A88F25C1C0E50058B55B /* SettingsViewController.swift */,
				F9B83F6F25BF0A520054E9BB /* RegisterPageViewController.swift */,
				F919A88325C1AB630058B55B /* MenuController.swift */,
				F9DF33A825A5F73D008A9C21 /* HomeViewController.swift */,
				F9FE55BC262448EF00AE1D0A /* DarwinNotificationCenter.swift */,
				F979454725F8CB25002676F5 /* OrderViewController.swift */,
				F95FCBA82609F19D00D06228 /* CroppingPUViewController.swift */,
			);
			path = Controller;
			sourceTree = "<group>";
		};
		F9DF339825A5F73D008A9C21 = {
			isa = PBXGroup;
			children = (
				F9DF33A325A5F73D008A9C21 /* TestShare */,
				F9DF33BA25A5F73E008A9C21 /* TestShareTests */,
				F9DF33C525A5F73E008A9C21 /* TestShareUITests */,
				F9DF33DC25A5F7E2008A9C21 /* ShareExtension */,
				F9DF33A225A5F73D008A9C21 /* Products */,
				754D32F5BDD55B236F9626DF /* Pods */,
				A38DD45B4E48D6B462763C23 /* Frameworks */,
			);
			sourceTree = "<group>";
		};
		F9DF33A225A5F73D008A9C21 /* Products */ = {
			isa = PBXGroup;
			children = (
				F9DF33A125A5F73D008A9C21 /* Pocket Or Print.app */,
				F9DF33B725A5F73E008A9C21 /* TestShareTests.xctest */,
				F9DF33C225A5F73E008A9C21 /* TestShareUITests.xctest */,
				F9DF33DB25A5F7E2008A9C21 /* ShareExtension.appex */,
			);
			name = Products;
			sourceTree = "<group>";
		};
		F9DF33A325A5F73D008A9C21 /* TestShare */ = {
			isa = PBXGroup;
			children = (
				F92BC50D25DC099900F7F15A /* Controller */,
				F92BC50C25DC098C00F7F15A /* View */,
				F92BC50B25DC097700F7F15A /* Model */,
				F9DF33A425A5F73D008A9C21 /* AppDelegate.swift */,
				F979455F25F950A7002676F5 /* TestShareRelease.entitlements */,
				F90F777F25F1117E00876DDB /* TestShare.entitlements */,
				F9DF33A625A5F73D008A9C21 /* SceneDelegate.swift */,
				F9DF33AD25A5F73E008A9C21 /* Assets.xcassets */,
				F9DF33B225A5F73E008A9C21 /* Info.plist */,
			);
			path = TestShare;
			sourceTree = "<group>";
		};
		F9DF33BA25A5F73E008A9C21 /* TestShareTests */ = {
			isa = PBXGroup;
			children = (
				F9DF33BB25A5F73E008A9C21 /* TestShareTests.swift */,
				F9DF33BD25A5F73E008A9C21 /* Info.plist */,
			);
			path = TestShareTests;
			sourceTree = "<group>";
		};
		F9DF33C525A5F73E008A9C21 /* TestShareUITests */ = {
			isa = PBXGroup;
			children = (
				F9DF33C625A5F73E008A9C21 /* TestShareUITests.swift */,
				F9DF33C825A5F73E008A9C21 /* Info.plist */,
			);
			path = TestShareUITests;
			sourceTree = "<group>";
		};
		F9DF33DC25A5F7E2008A9C21 /* ShareExtension */ = {
			isa = PBXGroup;
			children = (
				F979456425F9524A002676F5 /* ShareExtensionRelease.entitlements */,
				F9970200260102C2001AECD2 /* DarwinNotificationCenter.swift */,
				F90F778425F1118E00876DDB /* ShareExtension.entitlements */,
				F91DB6F326035485008F9A26 /* NSCustomPersistentContainer.swift */,
				F9DF33DD25A5F7E2008A9C21 /* ShareViewController.swift */,
				F9DF33E225A5F7E2008A9C21 /* Info.plist */,
			);
			path = ShareExtension;
			sourceTree = "<group>";
		};
/* End PBXGroup section */

/* Begin PBXNativeTarget section */
		F9DF33A025A5F73D008A9C21 /* Pocket Or Print */ = {
			isa = PBXNativeTarget;
			buildConfigurationList = F9DF33CB25A5F73E008A9C21 /* Build configuration list for PBXNativeTarget "Pocket Or Print" */;
			buildPhases = (
				B4A40FEBF288916903CEED29 /* [CP] Check Pods Manifest.lock */,
				F9DF339D25A5F73D008A9C21 /* Sources */,
				F9DF339E25A5F73D008A9C21 /* Frameworks */,
				F9DF339F25A5F73D008A9C21 /* Resources */,
				F9DF33E925A5F7E2008A9C21 /* Embed App Extensions */,
				DFDE353602CBE85B4F1B5F31 /* [CP] Embed Pods Frameworks */,
			);
			buildRules = (
			);
			dependencies = (
				F9DF33E425A5F7E2008A9C21 /* PBXTargetDependency */,
			);
			name = "Pocket Or Print";
			productName = TestShare;
			productReference = F9DF33A125A5F73D008A9C21 /* Pocket Or Print.app */;
			productType = "com.apple.product-type.application";
		};
		F9DF33B625A5F73E008A9C21 /* TestShareTests */ = {
			isa = PBXNativeTarget;
			buildConfigurationList = F9DF33CE25A5F73E008A9C21 /* Build configuration list for PBXNativeTarget "TestShareTests" */;
			buildPhases = (
				74E591C0108C3851345F29E2 /* [CP] Check Pods Manifest.lock */,
				F9DF33B325A5F73E008A9C21 /* Sources */,
				F9DF33B425A5F73E008A9C21 /* Frameworks */,
				F9DF33B525A5F73E008A9C21 /* Resources */,
			);
			buildRules = (
			);
			dependencies = (
				F9DF33B925A5F73E008A9C21 /* PBXTargetDependency */,
			);
			name = TestShareTests;
			productName = TestShareTests;
			productReference = F9DF33B725A5F73E008A9C21 /* TestShareTests.xctest */;
			productType = "com.apple.product-type.bundle.unit-test";
		};
		F9DF33C125A5F73E008A9C21 /* TestShareUITests */ = {
			isa = PBXNativeTarget;
			buildConfigurationList = F9DF33D125A5F73E008A9C21 /* Build configuration list for PBXNativeTarget "TestShareUITests" */;
			buildPhases = (
				4F62EC4EF574AFCCA3768226 /* [CP] Check Pods Manifest.lock */,
				F9DF33BE25A5F73E008A9C21 /* Sources */,
				F9DF33BF25A5F73E008A9C21 /* Frameworks */,
				F9DF33C025A5F73E008A9C21 /* Resources */,
				41551A22A2414040C0FA4C52 /* [CP] Embed Pods Frameworks */,
			);
			buildRules = (
			);
			dependencies = (
				F9DF33C425A5F73E008A9C21 /* PBXTargetDependency */,
			);
			name = TestShareUITests;
			productName = TestShareUITests;
			productReference = F9DF33C225A5F73E008A9C21 /* TestShareUITests.xctest */;
			productType = "com.apple.product-type.bundle.ui-testing";
		};
		F9DF33DA25A5F7E2008A9C21 /* ShareExtension */ = {
			isa = PBXNativeTarget;
			buildConfigurationList = F9DF33E625A5F7E2008A9C21 /* Build configuration list for PBXNativeTarget "ShareExtension" */;
			buildPhases = (
				09E9F3AD12DA55E512472E37 /* [CP] Check Pods Manifest.lock */,
				F9DF33D725A5F7E2008A9C21 /* Sources */,
				F9DF33D825A5F7E2008A9C21 /* Frameworks */,
				F9DF33D925A5F7E2008A9C21 /* Resources */,
				F9222D35264C129B00C71FAF /* Embed Frameworks */,
			);
			buildRules = (
			);
			dependencies = (
			);
			name = ShareExtension;
			productName = ShareExtension;
			productReference = F9DF33DB25A5F7E2008A9C21 /* ShareExtension.appex */;
			productType = "com.apple.product-type.app-extension";
		};
/* End PBXNativeTarget section */

/* Begin PBXProject section */
		F9DF339925A5F73D008A9C21 /* Project object */ = {
			isa = PBXProject;
			attributes = {
				LastSwiftUpdateCheck = 1220;
				LastUpgradeCheck = 1220;
				TargetAttributes = {
					F9DF33A025A5F73D008A9C21 = {
						CreatedOnToolsVersion = 12.2;
					};
					F9DF33B625A5F73E008A9C21 = {
						CreatedOnToolsVersion = 12.2;
						TestTargetID = F9DF33A025A5F73D008A9C21;
					};
					F9DF33C125A5F73E008A9C21 = {
						CreatedOnToolsVersion = 12.2;
						TestTargetID = F9DF33A025A5F73D008A9C21;
					};
					F9DF33DA25A5F7E2008A9C21 = {
						CreatedOnToolsVersion = 12.2;
					};
				};
			};
			buildConfigurationList = F9DF339C25A5F73D008A9C21 /* Build configuration list for PBXProject "TestShare" */;
			compatibilityVersion = "Xcode 9.3";
			developmentRegion = en;
			hasScannedForEncodings = 0;
			knownRegions = (
				en,
				Base,
			);
			mainGroup = F9DF339825A5F73D008A9C21;
			productRefGroup = F9DF33A225A5F73D008A9C21 /* Products */;
			projectDirPath = "";
			projectRoot = "";
			targets = (
				F9DF33A025A5F73D008A9C21 /* Pocket Or Print */,
				F9DF33B625A5F73E008A9C21 /* TestShareTests */,
				F9DF33C125A5F73E008A9C21 /* TestShareUITests */,
				F9DF33DA25A5F7E2008A9C21 /* ShareExtension */,
			);
		};
/* End PBXProject section */

/* Begin PBXResourcesBuildPhase section */
		F9DF339F25A5F73D008A9C21 /* Resources */ = {
			isa = PBXResourcesBuildPhase;
			buildActionMask = 2147483647;
			files = (
				F9DF33B125A5F73E008A9C21 /* LaunchScreen.storyboard in Resources */,
				F9DF33AE25A5F73E008A9C21 /* Assets.xcassets in Resources */,
				F9DF33AC25A5F73D008A9C21 /* Main.storyboard in Resources */,
			);
			runOnlyForDeploymentPostprocessing = 0;
		};
		F9DF33B525A5F73E008A9C21 /* Resources */ = {
			isa = PBXResourcesBuildPhase;
			buildActionMask = 2147483647;
			files = (
			);
			runOnlyForDeploymentPostprocessing = 0;
		};
		F9DF33C025A5F73E008A9C21 /* Resources */ = {
			isa = PBXResourcesBuildPhase;
			buildActionMask = 2147483647;
			files = (
			);
			runOnlyForDeploymentPostprocessing = 0;
		};
		F9DF33D925A5F7E2008A9C21 /* Resources */ = {
			isa = PBXResourcesBuildPhase;
			buildActionMask = 2147483647;
			files = (
			);
			runOnlyForDeploymentPostprocessing = 0;
		};
/* End PBXResourcesBuildPhase section */

/* Begin PBXShellScriptBuildPhase section */
		09E9F3AD12DA55E512472E37 /* [CP] Check Pods Manifest.lock */ = {
			isa = PBXShellScriptBuildPhase;
			buildActionMask = 2147483647;
			files = (
			);
			inputFileListPaths = (
			);
			inputPaths = (
				"${PODS_PODFILE_DIR_PATH}/Podfile.lock",
				"${PODS_ROOT}/Manifest.lock",
			);
			name = "[CP] Check Pods Manifest.lock";
			outputFileListPaths = (
			);
			outputPaths = (
				"$(DERIVED_FILE_DIR)/Pods-ShareExtension-checkManifestLockResult.txt",
			);
			runOnlyForDeploymentPostprocessing = 0;
			shellPath = /bin/sh;
			shellScript = "diff \"${PODS_PODFILE_DIR_PATH}/Podfile.lock\" \"${PODS_ROOT}/Manifest.lock\" > /dev/null\nif [ $? != 0 ] ; then\n    # print error to STDERR\n    echo \"error: The sandbox is not in sync with the Podfile.lock. Run 'pod install' or update your CocoaPods installation.\" >&2\n    exit 1\nfi\n# This output is used by Xcode 'outputs' to avoid re-running this script phase.\necho \"SUCCESS\" > \"${SCRIPT_OUTPUT_FILE_0}\"\n";
			showEnvVarsInLog = 0;
		};
		41551A22A2414040C0FA4C52 /* [CP] Embed Pods Frameworks */ = {
			isa = PBXShellScriptBuildPhase;
			buildActionMask = 2147483647;
			files = (
			);
			inputFileListPaths = (
				"${PODS_ROOT}/Target Support Files/Pods-Pocket Or Print-TestShareUITests/Pods-Pocket Or Print-TestShareUITests-frameworks-${CONFIGURATION}-input-files.xcfilelist",
			);
			name = "[CP] Embed Pods Frameworks";
			outputFileListPaths = (
				"${PODS_ROOT}/Target Support Files/Pods-Pocket Or Print-TestShareUITests/Pods-Pocket Or Print-TestShareUITests-frameworks-${CONFIGURATION}-output-files.xcfilelist",
			);
			runOnlyForDeploymentPostprocessing = 0;
			shellPath = /bin/sh;
			shellScript = "\"${PODS_ROOT}/Target Support Files/Pods-Pocket Or Print-TestShareUITests/Pods-Pocket Or Print-TestShareUITests-frameworks.sh\"\n";
			showEnvVarsInLog = 0;
		};
		4F62EC4EF574AFCCA3768226 /* [CP] Check Pods Manifest.lock */ = {
			isa = PBXShellScriptBuildPhase;
			buildActionMask = 2147483647;
			files = (
			);
			inputFileListPaths = (
			);
			inputPaths = (
				"${PODS_PODFILE_DIR_PATH}/Podfile.lock",
				"${PODS_ROOT}/Manifest.lock",
			);
			name = "[CP] Check Pods Manifest.lock";
			outputFileListPaths = (
			);
			outputPaths = (
				"$(DERIVED_FILE_DIR)/Pods-Pocket Or Print-TestShareUITests-checkManifestLockResult.txt",
			);
			runOnlyForDeploymentPostprocessing = 0;
			shellPath = /bin/sh;
			shellScript = "diff \"${PODS_PODFILE_DIR_PATH}/Podfile.lock\" \"${PODS_ROOT}/Manifest.lock\" > /dev/null\nif [ $? != 0 ] ; then\n    # print error to STDERR\n    echo \"error: The sandbox is not in sync with the Podfile.lock. Run 'pod install' or update your CocoaPods installation.\" >&2\n    exit 1\nfi\n# This output is used by Xcode 'outputs' to avoid re-running this script phase.\necho \"SUCCESS\" > \"${SCRIPT_OUTPUT_FILE_0}\"\n";
			showEnvVarsInLog = 0;
		};
		74E591C0108C3851345F29E2 /* [CP] Check Pods Manifest.lock */ = {
			isa = PBXShellScriptBuildPhase;
			buildActionMask = 2147483647;
			files = (
			);
			inputFileListPaths = (
			);
			inputPaths = (
				"${PODS_PODFILE_DIR_PATH}/Podfile.lock",
				"${PODS_ROOT}/Manifest.lock",
			);
			name = "[CP] Check Pods Manifest.lock";
			outputFileListPaths = (
			);
			outputPaths = (
				"$(DERIVED_FILE_DIR)/Pods-TestShareTests-checkManifestLockResult.txt",
			);
			runOnlyForDeploymentPostprocessing = 0;
			shellPath = /bin/sh;
			shellScript = "diff \"${PODS_PODFILE_DIR_PATH}/Podfile.lock\" \"${PODS_ROOT}/Manifest.lock\" > /dev/null\nif [ $? != 0 ] ; then\n    # print error to STDERR\n    echo \"error: The sandbox is not in sync with the Podfile.lock. Run 'pod install' or update your CocoaPods installation.\" >&2\n    exit 1\nfi\n# This output is used by Xcode 'outputs' to avoid re-running this script phase.\necho \"SUCCESS\" > \"${SCRIPT_OUTPUT_FILE_0}\"\n";
			showEnvVarsInLog = 0;
		};
		B4A40FEBF288916903CEED29 /* [CP] Check Pods Manifest.lock */ = {
			isa = PBXShellScriptBuildPhase;
			buildActionMask = 2147483647;
			files = (
			);
			inputFileListPaths = (
			);
			inputPaths = (
				"${PODS_PODFILE_DIR_PATH}/Podfile.lock",
				"${PODS_ROOT}/Manifest.lock",
			);
			name = "[CP] Check Pods Manifest.lock";
			outputFileListPaths = (
			);
			outputPaths = (
				"$(DERIVED_FILE_DIR)/Pods-Pocket Or Print-checkManifestLockResult.txt",
			);
			runOnlyForDeploymentPostprocessing = 0;
			shellPath = /bin/sh;
			shellScript = "diff \"${PODS_PODFILE_DIR_PATH}/Podfile.lock\" \"${PODS_ROOT}/Manifest.lock\" > /dev/null\nif [ $? != 0 ] ; then\n    # print error to STDERR\n    echo \"error: The sandbox is not in sync with the Podfile.lock. Run 'pod install' or update your CocoaPods installation.\" >&2\n    exit 1\nfi\n# This output is used by Xcode 'outputs' to avoid re-running this script phase.\necho \"SUCCESS\" > \"${SCRIPT_OUTPUT_FILE_0}\"\n";
			showEnvVarsInLog = 0;
		};
		DFDE353602CBE85B4F1B5F31 /* [CP] Embed Pods Frameworks */ = {
			isa = PBXShellScriptBuildPhase;
			buildActionMask = 2147483647;
			files = (
			);
			inputFileListPaths = (
				"${PODS_ROOT}/Target Support Files/Pods-Pocket Or Print/Pods-Pocket Or Print-frameworks-${CONFIGURATION}-input-files.xcfilelist",
			);
			name = "[CP] Embed Pods Frameworks";
			outputFileListPaths = (
				"${PODS_ROOT}/Target Support Files/Pods-Pocket Or Print/Pods-Pocket Or Print-frameworks-${CONFIGURATION}-output-files.xcfilelist",
			);
			runOnlyForDeploymentPostprocessing = 0;
			shellPath = /bin/sh;
			shellScript = "\"${PODS_ROOT}/Target Support Files/Pods-Pocket Or Print/Pods-Pocket Or Print-frameworks.sh\"\n";
			showEnvVarsInLog = 0;
		};
/* End PBXShellScriptBuildPhase section */

/* Begin PBXSourcesBuildPhase section */
		F9DF339D25A5F73D008A9C21 /* Sources */ = {
			isa = PBXSourcesBuildPhase;
			buildActionMask = 2147483647;
			files = (
				F912611225DFCB4D00F782F2 /* PhotoFilm.swift in Sources */,
				F912611825DFCBF500F782F2 /* Archives.swift in Sources */,
				F979454825F8CB25002676F5 /* OrderViewController.swift in Sources */,
				F95FCBA92609F19D00D06228 /* CroppingPUViewController.swift in Sources */,
				F9FE55BD262448EF00AE1D0A /* DarwinNotificationCenter.swift in Sources */,
				F912611E25DFCC3400F782F2 /* CurrentPhoto.swift in Sources */,
				F91DB70926035B88008F9A26 /* NSCustomPersistentContainer.swift in Sources */,
				F915D66C25DD1AE900EB1700 /* SlideInTransition.swift in Sources */,
				F913C1FF2614A693006E6C98 /* ServerConnectionModelController.swift in Sources */,
				F927BCA9260212760041DA2B /* PopDB.xcdatamodeld in Sources */,
				F9B83F6A25BF0A2F0054E9BB /* LoginViewController.swift in Sources */,
				F9DF33A925A5F73D008A9C21 /* HomeViewController.swift in Sources */,
				F9DF33A525A5F73D008A9C21 /* AppDelegate.swift in Sources */,
				F919A88A25C1C03C0058B55B /* ProfilViewController.swift in Sources */,
				F919A88425C1AB630058B55B /* MenuController.swift in Sources */,
				F9DF33A725A5F73D008A9C21 /* SceneDelegate.swift in Sources */,
				F9B83F7025BF0A520054E9BB /* RegisterPageViewController.swift in Sources */,
				F919A89025C1C0E50058B55B /* SettingsViewController.swift in Sources */,
			);
			runOnlyForDeploymentPostprocessing = 0;
		};
		F9DF33B325A5F73E008A9C21 /* Sources */ = {
			isa = PBXSourcesBuildPhase;
			buildActionMask = 2147483647;
			files = (
				F9DF33BC25A5F73E008A9C21 /* TestShareTests.swift in Sources */,
			);
			runOnlyForDeploymentPostprocessing = 0;
		};
		F9DF33BE25A5F73E008A9C21 /* Sources */ = {
			isa = PBXSourcesBuildPhase;
			buildActionMask = 2147483647;
			files = (
				F9DF33C725A5F73E008A9C21 /* TestShareUITests.swift in Sources */,
			);
			runOnlyForDeploymentPostprocessing = 0;
		};
		F9DF33D725A5F7E2008A9C21 /* Sources */ = {
			isa = PBXSourcesBuildPhase;
			buildActionMask = 2147483647;
			files = (
				F9FE55B726243F9800AE1D0A /* DarwinNotificationCenter.swift in Sources */,
				F91DB70326035B5F008F9A26 /* NSCustomPersistentContainer.swift in Sources */,
				F9DF33DE25A5F7E2008A9C21 /* ShareViewController.swift in Sources */,
				F91DB6F9260355B2008F9A26 /* PopDB.xcdatamodeld in Sources */,
			);
			runOnlyForDeploymentPostprocessing = 0;
		};
/* End PBXSourcesBuildPhase section */

/* Begin PBXTargetDependency section */
		F9DF33B925A5F73E008A9C21 /* PBXTargetDependency */ = {
			isa = PBXTargetDependency;
			target = F9DF33A025A5F73D008A9C21 /* Pocket Or Print */;
			targetProxy = F9DF33B825A5F73E008A9C21 /* PBXContainerItemProxy */;
		};
		F9DF33C425A5F73E008A9C21 /* PBXTargetDependency */ = {
			isa = PBXTargetDependency;
			target = F9DF33A025A5F73D008A9C21 /* Pocket Or Print */;
			targetProxy = F9DF33C325A5F73E008A9C21 /* PBXContainerItemProxy */;
		};
		F9DF33E425A5F7E2008A9C21 /* PBXTargetDependency */ = {
			isa = PBXTargetDependency;
			target = F9DF33DA25A5F7E2008A9C21 /* ShareExtension */;
			targetProxy = F9DF33E325A5F7E2008A9C21 /* PBXContainerItemProxy */;
		};
/* End PBXTargetDependency section */

/* Begin PBXVariantGroup section */
		F9DF33AA25A5F73D008A9C21 /* Main.storyboard */ = {
			isa = PBXVariantGroup;
			children = (
				F9DF33AB25A5F73D008A9C21 /* Base */,
			);
			name = Main.storyboard;
			sourceTree = "<group>";
		};
		F9DF33AF25A5F73E008A9C21 /* LaunchScreen.storyboard */ = {
			isa = PBXVariantGroup;
			children = (
				F9DF33B025A5F73E008A9C21 /* Base */,
			);
			name = LaunchScreen.storyboard;
			sourceTree = "<group>";
		};
/* End PBXVariantGroup section */

/* Begin XCBuildConfiguration section */
		F9DF33C925A5F73E008A9C21 /* Debug */ = {
			isa = XCBuildConfiguration;
			buildSettings = {
				ALWAYS_SEARCH_USER_PATHS = YES;
				CLANG_ANALYZER_NONNULL = YES;
				CLANG_ANALYZER_NUMBER_OBJECT_CONVERSION = YES_AGGRESSIVE;
				CLANG_CXX_LANGUAGE_STANDARD = "gnu++14";
				CLANG_CXX_LIBRARY = "libc++";
				CLANG_ENABLE_MODULES = YES;
				CLANG_ENABLE_OBJC_ARC = YES;
				CLANG_ENABLE_OBJC_WEAK = YES;
				CLANG_WARN_BLOCK_CAPTURE_AUTORELEASING = YES;
				CLANG_WARN_BOOL_CONVERSION = YES;
				CLANG_WARN_COMMA = YES;
				CLANG_WARN_CONSTANT_CONVERSION = YES;
				CLANG_WARN_DEPRECATED_OBJC_IMPLEMENTATIONS = YES;
				CLANG_WARN_DIRECT_OBJC_ISA_USAGE = YES_ERROR;
				CLANG_WARN_DOCUMENTATION_COMMENTS = YES;
				CLANG_WARN_EMPTY_BODY = YES;
				CLANG_WARN_ENUM_CONVERSION = YES;
				CLANG_WARN_INFINITE_RECURSION = YES;
				CLANG_WARN_INT_CONVERSION = YES;
				CLANG_WARN_NON_LITERAL_NULL_CONVERSION = YES;
				CLANG_WARN_OBJC_IMPLICIT_RETAIN_SELF = YES;
				CLANG_WARN_OBJC_LITERAL_CONVERSION = YES;
				CLANG_WARN_OBJC_ROOT_CLASS = YES_ERROR;
				CLANG_WARN_QUOTED_INCLUDE_IN_FRAMEWORK_HEADER = YES;
				CLANG_WARN_RANGE_LOOP_ANALYSIS = YES;
				CLANG_WARN_STRICT_PROTOTYPES = YES;
				CLANG_WARN_SUSPICIOUS_MOVE = YES;
				CLANG_WARN_UNGUARDED_AVAILABILITY = YES_AGGRESSIVE;
				CLANG_WARN_UNREACHABLE_CODE = YES;
				CLANG_WARN__DUPLICATE_METHOD_MATCH = YES;
				COPY_PHASE_STRIP = NO;
				DEBUG_INFORMATION_FORMAT = dwarf;
				ENABLE_STRICT_OBJC_MSGSEND = YES;
				ENABLE_TESTABILITY = YES;
				GCC_C_LANGUAGE_STANDARD = gnu11;
				GCC_DYNAMIC_NO_PIC = NO;
				GCC_NO_COMMON_BLOCKS = YES;
				GCC_OPTIMIZATION_LEVEL = 0;
				GCC_PREPROCESSOR_DEFINITIONS = (
					"DEBUG=1",
					"$(inherited)",
				);
				GCC_WARN_64_TO_32_BIT_CONVERSION = YES;
				GCC_WARN_ABOUT_RETURN_TYPE = YES_ERROR;
				GCC_WARN_UNDECLARED_SELECTOR = YES;
				GCC_WARN_UNINITIALIZED_AUTOS = YES_AGGRESSIVE;
				GCC_WARN_UNUSED_FUNCTION = YES;
				GCC_WARN_UNUSED_VARIABLE = YES;
				IPHONEOS_DEPLOYMENT_TARGET = 10.2;
				MTL_ENABLE_DEBUG_INFO = INCLUDE_SOURCE;
				MTL_FAST_MATH = YES;
				ONLY_ACTIVE_ARCH = YES;
				SDKROOT = iphoneos;
				SWIFT_ACTIVE_COMPILATION_CONDITIONS = DEBUG;
				SWIFT_OPTIMIZATION_LEVEL = "-Onone";
			};
			name = Debug;
		};
		F9DF33CA25A5F73E008A9C21 /* Release */ = {
			isa = XCBuildConfiguration;
			buildSettings = {
				ALWAYS_SEARCH_USER_PATHS = YES;
				CLANG_ANALYZER_NONNULL = YES;
				CLANG_ANALYZER_NUMBER_OBJECT_CONVERSION = YES_AGGRESSIVE;
				CLANG_CXX_LANGUAGE_STANDARD = "gnu++14";
				CLANG_CXX_LIBRARY = "libc++";
				CLANG_ENABLE_MODULES = YES;
				CLANG_ENABLE_OBJC_ARC = YES;
				CLANG_ENABLE_OBJC_WEAK = YES;
				CLANG_WARN_BLOCK_CAPTURE_AUTORELEASING = YES;
				CLANG_WARN_BOOL_CONVERSION = YES;
				CLANG_WARN_COMMA = YES;
				CLANG_WARN_CONSTANT_CONVERSION = YES;
				CLANG_WARN_DEPRECATED_OBJC_IMPLEMENTATIONS = YES;
				CLANG_WARN_DIRECT_OBJC_ISA_USAGE = YES_ERROR;
				CLANG_WARN_DOCUMENTATION_COMMENTS = YES;
				CLANG_WARN_EMPTY_BODY = YES;
				CLANG_WARN_ENUM_CONVERSION = YES;
				CLANG_WARN_INFINITE_RECURSION = YES;
				CLANG_WARN_INT_CONVERSION = YES;
				CLANG_WARN_NON_LITERAL_NULL_CONVERSION = YES;
				CLANG_WARN_OBJC_IMPLICIT_RETAIN_SELF = YES;
				CLANG_WARN_OBJC_LITERAL_CONVERSION = YES;
				CLANG_WARN_OBJC_ROOT_CLASS = YES_ERROR;
				CLANG_WARN_QUOTED_INCLUDE_IN_FRAMEWORK_HEADER = YES;
				CLANG_WARN_RANGE_LOOP_ANALYSIS = YES;
				CLANG_WARN_STRICT_PROTOTYPES = YES;
				CLANG_WARN_SUSPICIOUS_MOVE = YES;
				CLANG_WARN_UNGUARDED_AVAILABILITY = YES_AGGRESSIVE;
				CLANG_WARN_UNREACHABLE_CODE = YES;
				CLANG_WARN__DUPLICATE_METHOD_MATCH = YES;
				COPY_PHASE_STRIP = NO;
				DEBUG_INFORMATION_FORMAT = "dwarf-with-dsym";
				ENABLE_NS_ASSERTIONS = NO;
				ENABLE_STRICT_OBJC_MSGSEND = YES;
				GCC_C_LANGUAGE_STANDARD = gnu11;
				GCC_NO_COMMON_BLOCKS = YES;
				GCC_WARN_64_TO_32_BIT_CONVERSION = YES;
				GCC_WARN_ABOUT_RETURN_TYPE = YES_ERROR;
				GCC_WARN_UNDECLARED_SELECTOR = YES;
				GCC_WARN_UNINITIALIZED_AUTOS = YES_AGGRESSIVE;
				GCC_WARN_UNUSED_FUNCTION = YES;
				GCC_WARN_UNUSED_VARIABLE = YES;
				IPHONEOS_DEPLOYMENT_TARGET = 10.2;
				MTL_ENABLE_DEBUG_INFO = NO;
				MTL_FAST_MATH = YES;
				ONLY_ACTIVE_ARCH = YES;
				SDKROOT = iphoneos;
				SWIFT_COMPILATION_MODE = wholemodule;
				SWIFT_OPTIMIZATION_LEVEL = "-O";
				VALIDATE_PRODUCT = YES;
			};
			name = Release;
		};
		F9DF33CC25A5F73E008A9C21 /* Debug */ = {
			isa = XCBuildConfiguration;
			baseConfigurationReference = 519DAA18CA58C29A8EE1DB0B /* Pods-Pocket Or Print.debug.xcconfig */;
			buildSettings = {
				ALWAYS_EMBED_SWIFT_STANDARD_LIBRARIES = YES;
				ASSETCATALOG_COMPILER_APPICON_NAME = AppIcon;
				ASSETCATALOG_COMPILER_GLOBAL_ACCENT_COLOR_NAME = AccentColor;
				CODE_SIGN_ENTITLEMENTS = TestShare/TestShare.entitlements;
				CODE_SIGN_STYLE = Automatic;
				DEVELOPMENT_TEAM = 7598CYCPL3;
				INFOPLIST_FILE = TestShare/Info.plist;
				LD_RUNPATH_SEARCH_PATHS = (
					"$(inherited)",
					"@executable_path/Frameworks",
				);
				PRODUCT_BUNDLE_IDENTIFIER = POP.TestShare;
				PRODUCT_NAME = "$(TARGET_NAME)";
				SWIFT_VERSION = 5.0;
				TARGETED_DEVICE_FAMILY = "1,2";
			};
			name = Debug;
		};
		F9DF33CD25A5F73E008A9C21 /* Release */ = {
			isa = XCBuildConfiguration;
			baseConfigurationReference = D3A0724F5D4EC77E97B84CAC /* Pods-Pocket Or Print.release.xcconfig */;
			buildSettings = {
				ALWAYS_EMBED_SWIFT_STANDARD_LIBRARIES = YES;
				ASSETCATALOG_COMPILER_APPICON_NAME = AppIcon;
				ASSETCATALOG_COMPILER_GLOBAL_ACCENT_COLOR_NAME = AccentColor;
				CODE_SIGN_ENTITLEMENTS = TestShare/TestShareRelease.entitlements;
				CODE_SIGN_STYLE = Automatic;
				DEVELOPMENT_TEAM = 7598CYCPL3;
				INFOPLIST_FILE = TestShare/Info.plist;
				LD_RUNPATH_SEARCH_PATHS = (
					"$(inherited)",
					"@executable_path/Frameworks",
				);
				PRODUCT_BUNDLE_IDENTIFIER = POP.TestShare;
				PRODUCT_NAME = "$(TARGET_NAME)";
				SWIFT_VERSION = 5.0;
				TARGETED_DEVICE_FAMILY = "1,2";
			};
			name = Release;
		};
		F9DF33CF25A5F73E008A9C21 /* Debug */ = {
			isa = XCBuildConfiguration;
			baseConfigurationReference = 7D29D13C0E746928CA8937C3 /* Pods-TestShareTests.debug.xcconfig */;
			buildSettings = {
				ALWAYS_EMBED_SWIFT_STANDARD_LIBRARIES = YES;
				BUNDLE_LOADER = "$(TEST_HOST)";
				CODE_SIGN_STYLE = Automatic;
				DEVELOPMENT_TEAM = 7598CYCPL3;
				INFOPLIST_FILE = TestShareTests/Info.plist;
				IPHONEOS_DEPLOYMENT_TARGET = 14.2;
				LD_RUNPATH_SEARCH_PATHS = (
					"$(inherited)",
					"@executable_path/Frameworks",
					"@loader_path/Frameworks",
				);
				PRODUCT_BUNDLE_IDENTIFIER = POP.TestShareTests;
				PRODUCT_NAME = "$(TARGET_NAME)";
				SWIFT_VERSION = 5.0;
				TARGETED_DEVICE_FAMILY = "1,2";
				TEST_HOST = "$(BUILT_PRODUCTS_DIR)/TestShare.app/TestShare";
			};
			name = Debug;
		};
		F9DF33D025A5F73E008A9C21 /* Release */ = {
			isa = XCBuildConfiguration;
			baseConfigurationReference = D75D483E2D3FB0C7C7E0A4A4 /* Pods-TestShareTests.release.xcconfig */;
			buildSettings = {
				ALWAYS_EMBED_SWIFT_STANDARD_LIBRARIES = YES;
				BUNDLE_LOADER = "$(TEST_HOST)";
				CODE_SIGN_STYLE = Automatic;
				DEVELOPMENT_TEAM = 7598CYCPL3;
				INFOPLIST_FILE = TestShareTests/Info.plist;
				IPHONEOS_DEPLOYMENT_TARGET = 14.2;
				LD_RUNPATH_SEARCH_PATHS = (
					"$(inherited)",
					"@executable_path/Frameworks",
					"@loader_path/Frameworks",
				);
				PRODUCT_BUNDLE_IDENTIFIER = POP.TestShareTests;
				PRODUCT_NAME = "$(TARGET_NAME)";
				SWIFT_VERSION = 5.0;
				TARGETED_DEVICE_FAMILY = "1,2";
				TEST_HOST = "$(BUILT_PRODUCTS_DIR)/TestShare.app/TestShare";
			};
			name = Release;
		};
		F9DF33D225A5F73E008A9C21 /* Debug */ = {
			isa = XCBuildConfiguration;
			baseConfigurationReference = 3E4CD898C7A60B20A5E69BB8 /* Pods-Pocket Or Print-TestShareUITests.debug.xcconfig */;
			buildSettings = {
				ALWAYS_EMBED_SWIFT_STANDARD_LIBRARIES = YES;
				CODE_SIGN_STYLE = Automatic;
				DEVELOPMENT_TEAM = 7598CYCPL3;
				INFOPLIST_FILE = TestShareUITests/Info.plist;
				LD_RUNPATH_SEARCH_PATHS = (
					"$(inherited)",
					"@executable_path/Frameworks",
					"@loader_path/Frameworks",
				);
				PRODUCT_BUNDLE_IDENTIFIER = POP.TestShareUITests;
				PRODUCT_NAME = "$(TARGET_NAME)";
				SWIFT_VERSION = 5.0;
				TARGETED_DEVICE_FAMILY = "1,2";
				TEST_TARGET_NAME = TestShare;
			};
			name = Debug;
		};
		F9DF33D325A5F73E008A9C21 /* Release */ = {
			isa = XCBuildConfiguration;
			baseConfigurationReference = 3B04F3D2696B0F33E0F825F4 /* Pods-Pocket Or Print-TestShareUITests.release.xcconfig */;
			buildSettings = {
				ALWAYS_EMBED_SWIFT_STANDARD_LIBRARIES = YES;
				CODE_SIGN_STYLE = Automatic;
				DEVELOPMENT_TEAM = 7598CYCPL3;
				INFOPLIST_FILE = TestShareUITests/Info.plist;
				LD_RUNPATH_SEARCH_PATHS = (
					"$(inherited)",
					"@executable_path/Frameworks",
					"@loader_path/Frameworks",
				);
				PRODUCT_BUNDLE_IDENTIFIER = POP.TestShareUITests;
				PRODUCT_NAME = "$(TARGET_NAME)";
				SWIFT_VERSION = 5.0;
				TARGETED_DEVICE_FAMILY = "1,2";
				TEST_TARGET_NAME = TestShare;
			};
			name = Release;
		};
		F9DF33E725A5F7E2008A9C21 /* Debug */ = {
			isa = XCBuildConfiguration;
			baseConfigurationReference = 0A8C92A92CCE71DD134B410C /* Pods-ShareExtension.debug.xcconfig */;
			buildSettings = {
				CODE_SIGN_ENTITLEMENTS = ShareExtension/ShareExtension.entitlements;
				CODE_SIGN_STYLE = Automatic;
				DEVELOPMENT_TEAM = 7598CYCPL3;
				INFOPLIST_FILE = ShareExtension/Info.plist;
				LD_RUNPATH_SEARCH_PATHS = (
					"$(inherited)",
					"@executable_path/Frameworks",
					"@executable_path/../../Frameworks",
				);
				PRODUCT_BUNDLE_IDENTIFIER = POP.TestShare.ShareExtension;
				PRODUCT_NAME = "$(TARGET_NAME)";
				SKIP_INSTALL = YES;
				SWIFT_VERSION = 5.0;
				TARGETED_DEVICE_FAMILY = "1,2";
			};
			name = Debug;
		};
		F9DF33E825A5F7E2008A9C21 /* Release */ = {
			isa = XCBuildConfiguration;
			baseConfigurationReference = 374EEC2FFDBE4DB4E30829F1 /* Pods-ShareExtension.release.xcconfig */;
			buildSettings = {
				CODE_SIGN_ENTITLEMENTS = ShareExtension/ShareExtensionRelease.entitlements;
				CODE_SIGN_STYLE = Automatic;
				DEVELOPMENT_TEAM = 7598CYCPL3;
				INFOPLIST_FILE = ShareExtension/Info.plist;
				LD_RUNPATH_SEARCH_PATHS = (
					"$(inherited)",
					"@executable_path/Frameworks",
					"@executable_path/../../Frameworks",
				);
				PRODUCT_BUNDLE_IDENTIFIER = POP.TestShare.ShareExtension;
				PRODUCT_NAME = "$(TARGET_NAME)";
				SKIP_INSTALL = YES;
				SWIFT_VERSION = 5.0;
				TARGETED_DEVICE_FAMILY = "1,2";
			};
			name = Release;
		};
/* End XCBuildConfiguration section */

/* Begin XCConfigurationList section */
		F9DF339C25A5F73D008A9C21 /* Build configuration list for PBXProject "TestShare" */ = {
			isa = XCConfigurationList;
			buildConfigurations = (
				F9DF33C925A5F73E008A9C21 /* Debug */,
				F9DF33CA25A5F73E008A9C21 /* Release */,
			);
			defaultConfigurationIsVisible = 0;
			defaultConfigurationName = Release;
		};
		F9DF33CB25A5F73E008A9C21 /* Build configuration list for PBXNativeTarget "Pocket Or Print" */ = {
			isa = XCConfigurationList;
			buildConfigurations = (
				F9DF33CC25A5F73E008A9C21 /* Debug */,
				F9DF33CD25A5F73E008A9C21 /* Release */,
			);
			defaultConfigurationIsVisible = 0;
			defaultConfigurationName = Release;
		};
		F9DF33CE25A5F73E008A9C21 /* Build configuration list for PBXNativeTarget "TestShareTests" */ = {
			isa = XCConfigurationList;
			buildConfigurations = (
				F9DF33CF25A5F73E008A9C21 /* Debug */,
				F9DF33D025A5F73E008A9C21 /* Release */,
			);
			defaultConfigurationIsVisible = 0;
			defaultConfigurationName = Release;
		};
		F9DF33D125A5F73E008A9C21 /* Build configuration list for PBXNativeTarget "TestShareUITests" */ = {
			isa = XCConfigurationList;
			buildConfigurations = (
				F9DF33D225A5F73E008A9C21 /* Debug */,
				F9DF33D325A5F73E008A9C21 /* Release */,
			);
			defaultConfigurationIsVisible = 0;
			defaultConfigurationName = Release;
		};
		F9DF33E625A5F7E2008A9C21 /* Build configuration list for PBXNativeTarget "ShareExtension" */ = {
			isa = XCConfigurationList;
			buildConfigurations = (
				F9DF33E725A5F7E2008A9C21 /* Debug */,
				F9DF33E825A5F7E2008A9C21 /* Release */,
			);
			defaultConfigurationIsVisible = 0;
			defaultConfigurationName = Release;
		};
/* End XCConfigurationList section */

/* Begin XCVersionGroup section */
		F927BCA7260212760041DA2B /* PopDB.xcdatamodeld */ = {
			isa = XCVersionGroup;
			children = (
				F927BCA8260212760041DA2B /* PopDB.xcdatamodel */,
			);
			currentVersion = F927BCA8260212760041DA2B /* PopDB.xcdatamodel */;
			name = PopDB.xcdatamodeld;
			path = ../Controller/PopDB.xcdatamodeld;
			sourceTree = "<group>";
			versionGroupType = wrapper.xcdatamodel;
		};
/* End XCVersionGroup section */
	};
	rootObject = F9DF339925A5F73D008A9C21 /* Project object */;
}
