// !$*UTF8*$!
{
	archiveVersion = 1;
	classes = {
	};
	objectVersion = 50;
	objects = {

/* Begin PBXBuildFile section */
		F9B83F6A25BF0A2F0054E9BB /* LoginViewController.swift in Sources */ = {isa = PBXBuildFile; fileRef = F9B83F6925BF0A2F0054E9BB /* LoginViewController.swift */; };
		F9B83F7025BF0A520054E9BB /* RegisterPageViewController.swift in Sources */ = {isa = PBXBuildFile; fileRef = F9B83F6F25BF0A520054E9BB /* RegisterPageViewController.swift */; };
		F9DF33A525A5F73D008A9C21 /* AppDelegate.swift in Sources */ = {isa = PBXBuildFile; fileRef = F9DF33A425A5F73D008A9C21 /* AppDelegate.swift */; };
		F9DF33A725A5F73D008A9C21 /* SceneDelegate.swift in Sources */ = {isa = PBXBuildFile; fileRef = F9DF33A625A5F73D008A9C21 /* SceneDelegate.swift */; };
		F9DF33A925A5F73D008A9C21 /* ViewController.swift in Sources */ = {isa = PBXBuildFile; fileRef = F9DF33A825A5F73D008A9C21 /* ViewController.swift */; };
		F9DF33AC25A5F73D008A9C21 /* Main.storyboard in Resources */ = {isa = PBXBuildFile; fileRef = F9DF33AA25A5F73D008A9C21 /* Main.storyboard */; };
		F9DF33AE25A5F73E008A9C21 /* Assets.xcassets in Resources */ = {isa = PBXBuildFile; fileRef = F9DF33AD25A5F73E008A9C21 /* Assets.xcassets */; };
		F9DF33B125A5F73E008A9C21 /* LaunchScreen.storyboard in Resources */ = {isa = PBXBuildFile; fileRef = F9DF33AF25A5F73E008A9C21 /* LaunchScreen.storyboard */; };
		F9DF33BC25A5F73E008A9C21 /* TestShareTests.swift in Sources */ = {isa = PBXBuildFile; fileRef = F9DF33BB25A5F73E008A9C21 /* TestShareTests.swift */; };
		F9DF33C725A5F73E008A9C21 /* TestShareUITests.swift in Sources */ = {isa = PBXBuildFile; fileRef = F9DF33C625A5F73E008A9C21 /* TestShareUITests.swift */; };
		F9DF33DE25A5F7E2008A9C21 /* ShareViewController.swift in Sources */ = {isa = PBXBuildFile; fileRef = F9DF33DD25A5F7E2008A9C21 /* ShareViewController.swift */; };
		F9DF33E125A5F7E2008A9C21 /* MainInterface.storyboard in Resources */ = {isa = PBXBuildFile; fileRef = F9DF33DF25A5F7E2008A9C21 /* MainInterface.storyboard */; };
		F9DF33E525A5F7E2008A9C21 /* ShareExtension.appex in Embed App Extensions */ = {isa = PBXBuildFile; fileRef = F9DF33DB25A5F7E2008A9C21 /* ShareExtension.appex */; settings = {ATTRIBUTES = (RemoveHeadersOnCopy, ); }; };
/* End PBXBuildFile section */

/* Begin PBXContainerItemProxy section */
		F9DF33B825A5F73E008A9C21 /* PBXContainerItemProxy */ = {
			isa = PBXContainerItemProxy;
			containerPortal = F9DF339925A5F73D008A9C21 /* Project object */;
			proxyType = 1;
			remoteGlobalIDString = F9DF33A025A5F73D008A9C21;
			remoteInfo = TestShare;
		};
		F9DF33C325A5F73E008A9C21 /* PBXContainerItemProxy */ = {
			isa = PBXContainerItemProxy;
			containerPortal = F9DF339925A5F73D008A9C21 /* Project object */;
			proxyType = 1;
			remoteGlobalIDString = F9DF33A025A5F73D008A9C21;
			remoteInfo = TestShare;
		};
		F9DF33E325A5F7E2008A9C21 /* PBXContainerItemProxy */ = {
			isa = PBXContainerItemProxy;
			containerPortal = F9DF339925A5F73D008A9C21 /* Project object */;
			proxyType = 1;
			remoteGlobalIDString = F9DF33DA25A5F7E2008A9C21;
			remoteInfo = ShareExtension;
		};
/* End PBXContainerItemProxy section */

/* Begin PBXCopyFilesBuildPhase section */
		F9DF33E925A5F7E2008A9C21 /* Embed App Extensions */ = {
			isa = PBXCopyFilesBuildPhase;
			buildActionMask = 2147483647;
			dstPath = "";
			dstSubfolderSpec = 13;
			files = (
				F9DF33E525A5F7E2008A9C21 /* ShareExtension.appex in Embed App Extensions */,
			);
			name = "Embed App Extensions";
			runOnlyForDeploymentPostprocessing = 0;
		};
/* End PBXCopyFilesBuildPhase section */

/* Begin PBXFileReference section */
		F9B83F6925BF0A2F0054E9BB /* LoginViewController.swift */ = {isa = PBXFileReference; lastKnownFileType = sourcecode.swift; path = LoginViewController.swift; sourceTree = "<group>"; };
		F9B83F6F25BF0A520054E9BB /* RegisterPageViewController.swift */ = {isa = PBXFileReference; lastKnownFileType = sourcecode.swift; path = RegisterPageViewController.swift; sourceTree = "<group>"; };
		F9DF33A125A5F73D008A9C21 /* TestShare.app */ = {isa = PBXFileReference; explicitFileType = wrapper.application; includeInIndex = 0; path = TestShare.app; sourceTree = BUILT_PRODUCTS_DIR; };
		F9DF33A425A5F73D008A9C21 /* AppDelegate.swift */ = {isa = PBXFileReference; lastKnownFileType = sourcecode.swift; path = AppDelegate.swift; sourceTree = "<group>"; };
		F9DF33A625A5F73D008A9C21 /* SceneDelegate.swift */ = {isa = PBXFileReference; lastKnownFileType = sourcecode.swift; path = SceneDelegate.swift; sourceTree = "<group>"; };
		F9DF33A825A5F73D008A9C21 /* ViewController.swift */ = {isa = PBXFileReference; lastKnownFileType = sourcecode.swift; path = ViewController.swift; sourceTree = "<group>"; };
		F9DF33AB25A5F73D008A9C21 /* Base */ = {isa = PBXFileReference; lastKnownFileType = file.storyboard; name = Base; path = Base.lproj/Main.storyboard; sourceTree = "<group>"; };
		F9DF33AD25A5F73E008A9C21 /* Assets.xcassets */ = {isa = PBXFileReference; lastKnownFileType = folder.assetcatalog; path = Assets.xcassets; sourceTree = "<group>"; };
		F9DF33B025A5F73E008A9C21 /* Base */ = {isa = PBXFileReference; lastKnownFileType = file.storyboard; name = Base; path = Base.lproj/LaunchScreen.storyboard; sourceTree = "<group>"; };
		F9DF33B225A5F73E008A9C21 /* Info.plist */ = {isa = PBXFileReference; lastKnownFileType = text.plist.xml; path = Info.plist; sourceTree = "<group>"; };
		F9DF33B725A5F73E008A9C21 /* TestShareTests.xctest */ = {isa = PBXFileReference; explicitFileType = wrapper.cfbundle; includeInIndex = 0; path = TestShareTests.xctest; sourceTree = BUILT_PRODUCTS_DIR; };
		F9DF33BB25A5F73E008A9C21 /* TestShareTests.swift */ = {isa = PBXFileReference; lastKnownFileType = sourcecode.swift; path = TestShareTests.swift; sourceTree = "<group>"; };
		F9DF33BD25A5F73E008A9C21 /* Info.plist */ = {isa = PBXFileReference; lastKnownFileType = text.plist.xml; path = Info.plist; sourceTree = "<group>"; };
		F9DF33C225A5F73E008A9C21 /* TestShareUITests.xctest */ = {isa = PBXFileReference; explicitFileType = wrapper.cfbundle; includeInIndex = 0; path = TestShareUITests.xctest; sourceTree = BUILT_PRODUCTS_DIR; };
		F9DF33C625A5F73E008A9C21 /* TestShareUITests.swift */ = {isa = PBXFileReference; lastKnownFileType = sourcecode.swift; path = TestShareUITests.swift; sourceTree = "<group>"; };
		F9DF33C825A5F73E008A9C21 /* Info.plist */ = {isa = PBXFileReference; lastKnownFileType = text.plist.xml; path = Info.plist; sourceTree = "<group>"; };
		F9DF33DB25A5F7E2008A9C21 /* ShareExtension.appex */ = {isa = PBXFileReference; explicitFileType = "wrapper.app-extension"; includeInIndex = 0; path = ShareExtension.appex; sourceTree = BUILT_PRODUCTS_DIR; };
		F9DF33DD25A5F7E2008A9C21 /* ShareViewController.swift */ = {isa = PBXFileReference; lastKnownFileType = sourcecode.swift; path = ShareViewController.swift; sourceTree = "<group>"; };
		F9DF33E025A5F7E2008A9C21 /* Base */ = {isa = PBXFileReference; lastKnownFileType = file.storyboard; name = Base; path = Base.lproj/MainInterface.storyboard; sourceTree = "<group>"; };
		F9DF33E225A5F7E2008A9C21 /* Info.plist */ = {isa = PBXFileReference; lastKnownFileType = text.plist.xml; path = Info.plist; sourceTree = "<group>"; };
/* End PBXFileReference section */

/* Begin PBXFrameworksBuildPhase section */
		F9DF339E25A5F73D008A9C21 /* Frameworks */ = {
			isa = PBXFrameworksBuildPhase;
			buildActionMask = 2147483647;
			files = (
			);
			runOnlyForDeploymentPostprocessing = 0;
		};
		F9DF33B425A5F73E008A9C21 /* Frameworks */ = {
			isa = PBXFrameworksBuildPhase;
			buildActionMask = 2147483647;
			files = (
			);
			runOnlyForDeploymentPostprocessing = 0;
		};
		F9DF33BF25A5F73E008A9C21 /* Frameworks */ = {
			isa = PBXFrameworksBuildPhase;
			buildActionMask = 2147483647;
			files = (
			);
			runOnlyForDeploymentPostprocessing = 0;
		};
		F9DF33D825A5F7E2008A9C21 /* Frameworks */ = {
			isa = PBXFrameworksBuildPhase;
			buildActionMask = 2147483647;
			files = (
			);
			runOnlyForDeploymentPostprocessing = 0;
		};
/* End PBXFrameworksBuildPhase section */

/* Begin PBXGroup section */
		F9DF339825A5F73D008A9C21 = {
			isa = PBXGroup;
			children = (
				F9DF33A325A5F73D008A9C21 /* TestShare */,
				F9DF33BA25A5F73E008A9C21 /* TestShareTests */,
				F9DF33C525A5F73E008A9C21 /* TestShareUITests */,
				F9DF33DC25A5F7E2008A9C21 /* ShareExtension */,
				F9DF33A225A5F73D008A9C21 /* Products */,
			);
			sourceTree = "<group>";
		};
		F9DF33A225A5F73D008A9C21 /* Products */ = {
			isa = PBXGroup;
			children = (
				F9DF33A125A5F73D008A9C21 /* TestShare.app */,
				F9DF33B725A5F73E008A9C21 /* TestShareTests.xctest */,
				F9DF33C225A5F73E008A9C21 /* TestShareUITests.xctest */,
				F9DF33DB25A5F7E2008A9C21 /* ShareExtension.appex */,
			);
			name = Products;
			sourceTree = "<group>";
		};
		F9DF33A325A5F73D008A9C21 /* TestShare */ = {
			isa = PBXGroup;
			children = (
				F9DF33A425A5F73D008A9C21 /* AppDelegate.swift */,
				F9DF33A625A5F73D008A9C21 /* SceneDelegate.swift */,
				F9DF33A825A5F73D008A9C21 /* ViewController.swift */,
				F9DF33AA25A5F73D008A9C21 /* Main.storyboard */,
				F9DF33AD25A5F73E008A9C21 /* Assets.xcassets */,
				F9DF33AF25A5F73E008A9C21 /* LaunchScreen.storyboard */,
				F9DF33B225A5F73E008A9C21 /* Info.plist */,
				F9B83F6925BF0A2F0054E9BB /* LoginViewController.swift */,
				F9B83F6F25BF0A520054E9BB /* RegisterPageViewController.swift */,
			);
			path = TestShare;
			sourceTree = "<group>";
		};
		F9DF33BA25A5F73E008A9C21 /* TestShareTests */ = {
			isa = PBXGroup;
			children = (
				F9DF33BB25A5F73E008A9C21 /* TestShareTests.swift */,
				F9DF33BD25A5F73E008A9C21 /* Info.plist */,
			);
			path = TestShareTests;
			sourceTree = "<group>";
		};
		F9DF33C525A5F73E008A9C21 /* TestShareUITests */ = {
			isa = PBXGroup;
			children = (
				F9DF33C625A5F73E008A9C21 /* TestShareUITests.swift */,
				F9DF33C825A5F73E008A9C21 /* Info.plist */,
			);
			path = TestShareUITests;
			sourceTree = "<group>";
		};
		F9DF33DC25A5F7E2008A9C21 /* ShareExtension */ = {
			isa = PBXGroup;
			children = (
				F9DF33DD25A5F7E2008A9C21 /* ShareViewController.swift */,
				F9DF33DF25A5F7E2008A9C21 /* MainInterface.storyboard */,
				F9DF33E225A5F7E2008A9C21 /* Info.plist */,
			);
			path = ShareExtension;
			sourceTree = "<group>";
		};
/* End PBXGroup section */

/* Begin PBXNativeTarget section */
		F9DF33A025A5F73D008A9C21 /* TestShare */ = {
			isa = PBXNativeTarget;
			buildConfigurationList = F9DF33CB25A5F73E008A9C21 /* Build configuration list for PBXNativeTarget "TestShare" */;
			buildPhases = (
				F9DF339D25A5F73D008A9C21 /* Sources */,
				F9DF339E25A5F73D008A9C21 /* Frameworks */,
				F9DF339F25A5F73D008A9C21 /* Resources */,
				F9DF33E925A5F7E2008A9C21 /* Embed App Extensions */,
			);
			buildRules = (
			);
			dependencies = (
				F9DF33E425A5F7E2008A9C21 /* PBXTargetDependency */,
			);
			name = TestShare;
			productName = TestShare;
			productReference = F9DF33A125A5F73D008A9C21 /* TestShare.app */;
			productType = "com.apple.product-type.application";
		};
		F9DF33B625A5F73E008A9C21 /* TestShareTests */ = {
			isa = PBXNativeTarget;
			buildConfigurationList = F9DF33CE25A5F73E008A9C21 /* Build configuration list for PBXNativeTarget "TestShareTests" */;
			buildPhases = (
				F9DF33B325A5F73E008A9C21 /* Sources */,
				F9DF33B425A5F73E008A9C21 /* Frameworks */,
				F9DF33B525A5F73E008A9C21 /* Resources */,
			);
			buildRules = (
			);
			dependencies = (
				F9DF33B925A5F73E008A9C21 /* PBXTargetDependency */,
			);
			name = TestShareTests;
			productName = TestShareTests;
			productReference = F9DF33B725A5F73E008A9C21 /* TestShareTests.xctest */;
			productType = "com.apple.product-type.bundle.unit-test";
		};
		F9DF33C125A5F73E008A9C21 /* TestShareUITests */ = {
			isa = PBXNativeTarget;
			buildConfigurationList = F9DF33D125A5F73E008A9C21 /* Build configuration list for PBXNativeTarget "TestShareUITests" */;
			buildPhases = (
				F9DF33BE25A5F73E008A9C21 /* Sources */,
				F9DF33BF25A5F73E008A9C21 /* Frameworks */,
				F9DF33C025A5F73E008A9C21 /* Resources */,
			);
			buildRules = (
			);
			dependencies = (
				F9DF33C425A5F73E008A9C21 /* PBXTargetDependency */,
			);
			name = TestShareUITests;
			productName = TestShareUITests;
			productReference = F9DF33C225A5F73E008A9C21 /* TestShareUITests.xctest */;
			productType = "com.apple.product-type.bundle.ui-testing";
		};
		F9DF33DA25A5F7E2008A9C21 /* ShareExtension */ = {
			isa = PBXNativeTarget;
			buildConfigurationList = F9DF33E625A5F7E2008A9C21 /* Build configuration list for PBXNativeTarget "ShareExtension" */;
			buildPhases = (
				F9DF33D725A5F7E2008A9C21 /* Sources */,
				F9DF33D825A5F7E2008A9C21 /* Frameworks */,
				F9DF33D925A5F7E2008A9C21 /* Resources */,
			);
			buildRules = (
			);
			dependencies = (
			);
			name = ShareExtension;
			productName = ShareExtension;
			productReference = F9DF33DB25A5F7E2008A9C21 /* ShareExtension.appex */;
			productType = "com.apple.product-type.app-extension";
		};
/* End PBXNativeTarget section */

/* Begin PBXProject section */
		F9DF339925A5F73D008A9C21 /* Project object */ = {
			isa = PBXProject;
			attributes = {
				LastSwiftUpdateCheck = 1220;
				LastUpgradeCheck = 1220;
				TargetAttributes = {
					F9DF33A025A5F73D008A9C21 = {
						CreatedOnToolsVersion = 12.2;
					};
					F9DF33B625A5F73E008A9C21 = {
						CreatedOnToolsVersion = 12.2;
						TestTargetID = F9DF33A025A5F73D008A9C21;
					};
					F9DF33C125A5F73E008A9C21 = {
						CreatedOnToolsVersion = 12.2;
						TestTargetID = F9DF33A025A5F73D008A9C21;
					};
					F9DF33DA25A5F7E2008A9C21 = {
						CreatedOnToolsVersion = 12.2;
					};
				};
			};
			buildConfigurationList = F9DF339C25A5F73D008A9C21 /* Build configuration list for PBXProject "TestShare" */;
			compatibilityVersion = "Xcode 9.3";
			developmentRegion = en;
			hasScannedForEncodings = 0;
			knownRegions = (
				en,
				Base,
			);
			mainGroup = F9DF339825A5F73D008A9C21;
			productRefGroup = F9DF33A225A5F73D008A9C21 /* Products */;
			projectDirPath = "";
			projectRoot = "";
			targets = (
				F9DF33A025A5F73D008A9C21 /* TestShare */,
				F9DF33B625A5F73E008A9C21 /* TestShareTests */,
				F9DF33C125A5F73E008A9C21 /* TestShareUITests */,
				F9DF33DA25A5F7E2008A9C21 /* ShareExtension */,
			);
		};
/* End PBXProject section */

/* Begin PBXResourcesBuildPhase section */
		F9DF339F25A5F73D008A9C21 /* Resources */ = {
			isa = PBXResourcesBuildPhase;
			buildActionMask = 2147483647;
			files = (
				F9DF33B125A5F73E008A9C21 /* LaunchScreen.storyboard in Resources */,
				F9DF33AE25A5F73E008A9C21 /* Assets.xcassets in Resources */,
				F9DF33AC25A5F73D008A9C21 /* Main.storyboard in Resources */,
			);
			runOnlyForDeploymentPostprocessing = 0;
		};
		F9DF33B525A5F73E008A9C21 /* Resources */ = {
			isa = PBXResourcesBuildPhase;
			buildActionMask = 2147483647;
			files = (
			);
			runOnlyForDeploymentPostprocessing = 0;
		};
		F9DF33C025A5F73E008A9C21 /* Resources */ = {
			isa = PBXResourcesBuildPhase;
			buildActionMask = 2147483647;
			files = (
			);
			runOnlyForDeploymentPostprocessing = 0;
		};
		F9DF33D925A5F7E2008A9C21 /* Resources */ = {
			isa = PBXResourcesBuildPhase;
			buildActionMask = 2147483647;
			files = (
				F9DF33E125A5F7E2008A9C21 /* MainInterface.storyboard in Resources */,
			);
			runOnlyForDeploymentPostprocessing = 0;
		};
/* End PBXResourcesBuildPhase section */

/* Begin PBXSourcesBuildPhase section */
		F9DF339D25A5F73D008A9C21 /* Sources */ = {
			isa = PBXSourcesBuildPhase;
			buildActionMask = 2147483647;
			files = (
				F9B83F6A25BF0A2F0054E9BB /* LoginViewController.swift in Sources */,
				F9DF33A925A5F73D008A9C21 /* ViewController.swift in Sources */,
				F9DF33A525A5F73D008A9C21 /* AppDelegate.swift in Sources */,
				F9DF33A725A5F73D008A9C21 /* SceneDelegate.swift in Sources */,
				F9B83F7025BF0A520054E9BB /* RegisterPageViewController.swift in Sources */,
			);
			runOnlyForDeploymentPostprocessing = 0;
		};
		F9DF33B325A5F73E008A9C21 /* Sources */ = {
			isa = PBXSourcesBuildPhase;
			buildActionMask = 2147483647;
			files = (
				F9DF33BC25A5F73E008A9C21 /* TestShareTests.swift in Sources */,
			);
			runOnlyForDeploymentPostprocessing = 0;
		};
		F9DF33BE25A5F73E008A9C21 /* Sources */ = {
			isa = PBXSourcesBuildPhase;
			buildActionMask = 2147483647;
			files = (
				F9DF33C725A5F73E008A9C21 /* TestShareUITests.swift in Sources */,
			);
			runOnlyForDeploymentPostprocessing = 0;
		};
		F9DF33D725A5F7E2008A9C21 /* Sources */ = {
			isa = PBXSourcesBuildPhase;
			buildActionMask = 2147483647;
			files = (
				F9DF33DE25A5F7E2008A9C21 /* ShareViewController.swift in Sources */,
			);
			runOnlyForDeploymentPostprocessing = 0;
		};
/* End PBXSourcesBuildPhase section */

/* Begin PBXTargetDependency section */
		F9DF33B925A5F73E008A9C21 /* PBXTargetDependency */ = {
			isa = PBXTargetDependency;
			target = F9DF33A025A5F73D008A9C21 /* TestShare */;
			targetProxy = F9DF33B825A5F73E008A9C21 /* PBXContainerItemProxy */;
		};
		F9DF33C425A5F73E008A9C21 /* PBXTargetDependency */ = {
			isa = PBXTargetDependency;
			target = F9DF33A025A5F73D008A9C21 /* TestShare */;
			targetProxy = F9DF33C325A5F73E008A9C21 /* PBXContainerItemProxy */;
		};
		F9DF33E425A5F7E2008A9C21 /* PBXTargetDependency */ = {
			isa = PBXTargetDependency;
			target = F9DF33DA25A5F7E2008A9C21 /* ShareExtension */;
			targetProxy = F9DF33E325A5F7E2008A9C21 /* PBXContainerItemProxy */;
		};
/* End PBXTargetDependency section */

/* Begin PBXVariantGroup section */
		F9DF33AA25A5F73D008A9C21 /* Main.storyboard */ = {
			isa = PBXVariantGroup;
			children = (
				F9DF33AB25A5F73D008A9C21 /* Base */,
			);
			name = Main.storyboard;
			sourceTree = "<group>";
		};
		F9DF33AF25A5F73E008A9C21 /* LaunchScreen.storyboard */ = {
			isa = PBXVariantGroup;
			children = (
				F9DF33B025A5F73E008A9C21 /* Base */,
			);
			name = LaunchScreen.storyboard;
			sourceTree = "<group>";
		};
		F9DF33DF25A5F7E2008A9C21 /* MainInterface.storyboard */ = {
			isa = PBXVariantGroup;
			children = (
				F9DF33E025A5F7E2008A9C21 /* Base */,
			);
			name = MainInterface.storyboard;
			sourceTree = "<group>";
		};
/* End PBXVariantGroup section */

/* Begin XCBuildConfiguration section */
		F9DF33C925A5F73E008A9C21 /* Debug */ = {
			isa = XCBuildConfiguration;
			buildSettings = {
				ALWAYS_SEARCH_USER_PATHS = NO;
				CLANG_ANALYZER_NONNULL = YES;
				CLANG_ANALYZER_NUMBER_OBJECT_CONVERSION = YES_AGGRESSIVE;
				CLANG_CXX_LANGUAGE_STANDARD = "gnu++14";
				CLANG_CXX_LIBRARY = "libc++";
				CLANG_ENABLE_MODULES = YES;
				CLANG_ENABLE_OBJC_ARC = YES;
				CLANG_ENABLE_OBJC_WEAK = YES;
				CLANG_WARN_BLOCK_CAPTURE_AUTORELEASING = YES;
				CLANG_WARN_BOOL_CONVERSION = YES;
				CLANG_WARN_COMMA = YES;
				CLANG_WARN_CONSTANT_CONVERSION = YES;
				CLANG_WARN_DEPRECATED_OBJC_IMPLEMENTATIONS = YES;
				CLANG_WARN_DIRECT_OBJC_ISA_USAGE = YES_ERROR;
				CLANG_WARN_DOCUMENTATION_COMMENTS = YES;
				CLANG_WARN_EMPTY_BODY = YES;
				CLANG_WARN_ENUM_CONVERSION = YES;
				CLANG_WARN_INFINITE_RECURSION = YES;
				CLANG_WARN_INT_CONVERSION = YES;
				CLANG_WARN_NON_LITERAL_NULL_CONVERSION = YES;
				CLANG_WARN_OBJC_IMPLICIT_RETAIN_SELF = YES;
				CLANG_WARN_OBJC_LITERAL_CONVERSION = YES;
				CLANG_WARN_OBJC_ROOT_CLASS = YES_ERROR;
				CLANG_WARN_QUOTED_INCLUDE_IN_FRAMEWORK_HEADER = YES;
				CLANG_WARN_RANGE_LOOP_ANALYSIS = YES;
				CLANG_WARN_STRICT_PROTOTYPES = YES;
				CLANG_WARN_SUSPICIOUS_MOVE = YES;
				CLANG_WARN_UNGUARDED_AVAILABILITY = YES_AGGRESSIVE;
				CLANG_WARN_UNREACHABLE_CODE = YES;
				CLANG_WARN__DUPLICATE_METHOD_MATCH = YES;
				COPY_PHASE_STRIP = NO;
				DEBUG_INFORMATION_FORMAT = dwarf;
				ENABLE_STRICT_OBJC_MSGSEND = YES;
				ENABLE_TESTABILITY = YES;
				GCC_C_LANGUAGE_STANDARD = gnu11;
				GCC_DYNAMIC_NO_PIC = NO;
				GCC_NO_COMMON_BLOCKS = YES;
				GCC_OPTIMIZATION_LEVEL = 0;
				GCC_PREPROCESSOR_DEFINITIONS = (
					"DEBUG=1",
					"$(inherited)",
				);
				GCC_WARN_64_TO_32_BIT_CONVERSION = YES;
				GCC_WARN_ABOUT_RETURN_TYPE = YES_ERROR;
				GCC_WARN_UNDECLARED_SELECTOR = YES;
				GCC_WARN_UNINITIALIZED_AUTOS = YES_AGGRESSIVE;
				GCC_WARN_UNUSED_FUNCTION = YES;
				GCC_WARN_UNUSED_VARIABLE = YES;
				IPHONEOS_DEPLOYMENT_TARGET = 14.2;
				MTL_ENABLE_DEBUG_INFO = INCLUDE_SOURCE;
				MTL_FAST_MATH = YES;
				ONLY_ACTIVE_ARCH = YES;
				SDKROOT = iphoneos;
				SWIFT_ACTIVE_COMPILATION_CONDITIONS = DEBUG;
				SWIFT_OPTIMIZATION_LEVEL = "-Onone";
			};
			name = Debug;
		};
		F9DF33CA25A5F73E008A9C21 /* Release */ = {
			isa = XCBuildConfiguration;
			buildSettings = {
				ALWAYS_SEARCH_USER_PATHS = NO;
				CLANG_ANALYZER_NONNULL = YES;
				CLANG_ANALYZER_NUMBER_OBJECT_CONVERSION = YES_AGGRESSIVE;
				CLANG_CXX_LANGUAGE_STANDARD = "gnu++14";
				CLANG_CXX_LIBRARY = "libc++";
				CLANG_ENABLE_MODULES = YES;
				CLANG_ENABLE_OBJC_ARC = YES;
				CLANG_ENABLE_OBJC_WEAK = YES;
				CLANG_WARN_BLOCK_CAPTURE_AUTORELEASING = YES;
				CLANG_WARN_BOOL_CONVERSION = YES;
				CLANG_WARN_COMMA = YES;
				CLANG_WARN_CONSTANT_CONVERSION = YES;
				CLANG_WARN_DEPRECATED_OBJC_IMPLEMENTATIONS = YES;
				CLANG_WARN_DIRECT_OBJC_ISA_USAGE = YES_ERROR;
				CLANG_WARN_DOCUMENTATION_COMMENTS = YES;
				CLANG_WARN_EMPTY_BODY = YES;
				CLANG_WARN_ENUM_CONVERSION = YES;
				CLANG_WARN_INFINITE_RECURSION = YES;
				CLANG_WARN_INT_CONVERSION = YES;
				CLANG_WARN_NON_LITERAL_NULL_CONVERSION = YES;
				CLANG_WARN_OBJC_IMPLICIT_RETAIN_SELF = YES;
				CLANG_WARN_OBJC_LITERAL_CONVERSION = YES;
				CLANG_WARN_OBJC_ROOT_CLASS = YES_ERROR;
				CLANG_WARN_QUOTED_INCLUDE_IN_FRAMEWORK_HEADER = YES;
				CLANG_WARN_RANGE_LOOP_ANALYSIS = YES;
				CLANG_WARN_STRICT_PROTOTYPES = YES;
				CLANG_WARN_SUSPICIOUS_MOVE = YES;
				CLANG_WARN_UNGUARDED_AVAILABILITY = YES_AGGRESSIVE;
				CLANG_WARN_UNREACHABLE_CODE = YES;
				CLANG_WARN__DUPLICATE_METHOD_MATCH = YES;
				COPY_PHASE_STRIP = NO;
				DEBUG_INFORMATION_FORMAT = "dwarf-with-dsym";
				ENABLE_NS_ASSERTIONS = NO;
				ENABLE_STRICT_OBJC_MSGSEND = YES;
				GCC_C_LANGUAGE_STANDARD = gnu11;
				GCC_NO_COMMON_BLOCKS = YES;
				GCC_WARN_64_TO_32_BIT_CONVERSION = YES;
				GCC_WARN_ABOUT_RETURN_TYPE = YES_ERROR;
				GCC_WARN_UNDECLARED_SELECTOR = YES;
				GCC_WARN_UNINITIALIZED_AUTOS = YES_AGGRESSIVE;
				GCC_WARN_UNUSED_FUNCTION = YES;
				GCC_WARN_UNUSED_VARIABLE = YES;
				IPHONEOS_DEPLOYMENT_TARGET = 14.2;
				MTL_ENABLE_DEBUG_INFO = NO;
				MTL_FAST_MATH = YES;
				SDKROOT = iphoneos;
				SWIFT_COMPILATION_MODE = wholemodule;
				SWIFT_OPTIMIZATION_LEVEL = "-O";
				VALIDATE_PRODUCT = YES;
			};
			name = Release;
		};
		F9DF33CC25A5F73E008A9C21 /* Debug */ = {
			isa = XCBuildConfiguration;
			buildSettings = {
				ALWAYS_EMBED_SWIFT_STANDARD_LIBRARIES = YES;
				ASSETCATALOG_COMPILER_APPICON_NAME = AppIcon;
				ASSETCATALOG_COMPILER_GLOBAL_ACCENT_COLOR_NAME = AccentColor;
				CODE_SIGN_STYLE = Automatic;
				DEVELOPMENT_TEAM = 7598CYCPL3;
				INFOPLIST_FILE = TestShare/Info.plist;
				LD_RUNPATH_SEARCH_PATHS = (
					"$(inherited)",
					"@executable_path/Frameworks",
				);
				PRODUCT_BUNDLE_IDENTIFIER = POP.TestShare;
				PRODUCT_NAME = "$(TARGET_NAME)";
				SWIFT_VERSION = 5.0;
				TARGETED_DEVICE_FAMILY = "1,2";
			};
			name = Debug;
		};
		F9DF33CD25A5F73E008A9C21 /* Release */ = {
			isa = XCBuildConfiguration;
			buildSettings = {
				ALWAYS_EMBED_SWIFT_STANDARD_LIBRARIES = YES;
				ASSETCATALOG_COMPILER_APPICON_NAME = AppIcon;
				ASSETCATALOG_COMPILER_GLOBAL_ACCENT_COLOR_NAME = AccentColor;
				CODE_SIGN_STYLE = Automatic;
				DEVELOPMENT_TEAM = 7598CYCPL3;
				INFOPLIST_FILE = TestShare/Info.plist;
				LD_RUNPATH_SEARCH_PATHS = (
					"$(inherited)",
					"@executable_path/Frameworks",
				);
				PRODUCT_BUNDLE_IDENTIFIER = POP.TestShare;
				PRODUCT_NAME = "$(TARGET_NAME)";
				SWIFT_VERSION = 5.0;
				TARGETED_DEVICE_FAMILY = "1,2";
			};
			name = Release;
		};
		F9DF33CF25A5F73E008A9C21 /* Debug */ = {
			isa = XCBuildConfiguration;
			buildSettings = {
				ALWAYS_EMBED_SWIFT_STANDARD_LIBRARIES = YES;
				BUNDLE_LOADER = "$(TEST_HOST)";
				CODE_SIGN_STYLE = Automatic;
				DEVELOPMENT_TEAM = 7598CYCPL3;
				INFOPLIST_FILE = TestShareTests/Info.plist;
				IPHONEOS_DEPLOYMENT_TARGET = 14.2;
				LD_RUNPATH_SEARCH_PATHS = (
					"$(inherited)",
					"@executable_path/Frameworks",
					"@loader_path/Frameworks",
				);
				PRODUCT_BUNDLE_IDENTIFIER = POP.TestShareTests;
				PRODUCT_NAME = "$(TARGET_NAME)";
				SWIFT_VERSION = 5.0;
				TARGETED_DEVICE_FAMILY = "1,2";
				TEST_HOST = "$(BUILT_PRODUCTS_DIR)/TestShare.app/TestShare";
			};
			name = Debug;
		};
		F9DF33D025A5F73E008A9C21 /* Release */ = {
			isa = XCBuildConfiguration;
			buildSettings = {
				ALWAYS_EMBED_SWIFT_STANDARD_LIBRARIES = YES;
				BUNDLE_LOADER = "$(TEST_HOST)";
				CODE_SIGN_STYLE = Automatic;
				DEVELOPMENT_TEAM = 7598CYCPL3;
				INFOPLIST_FILE = TestShareTests/Info.plist;
				IPHONEOS_DEPLOYMENT_TARGET = 14.2;
				LD_RUNPATH_SEARCH_PATHS = (
					"$(inherited)",
					"@executable_path/Frameworks",
					"@loader_path/Frameworks",
				);
				PRODUCT_BUNDLE_IDENTIFIER = POP.TestShareTests;
				PRODUCT_NAME = "$(TARGET_NAME)";
				SWIFT_VERSION = 5.0;
				TARGETED_DEVICE_FAMILY = "1,2";
				TEST_HOST = "$(BUILT_PRODUCTS_DIR)/TestShare.app/TestShare";
			};
			name = Release;
		};
		F9DF33D225A5F73E008A9C21 /* Debug */ = {
			isa = XCBuildConfiguration;
			buildSettings = {
				ALWAYS_EMBED_SWIFT_STANDARD_LIBRARIES = YES;
				CODE_SIGN_STYLE = Automatic;
				DEVELOPMENT_TEAM = 7598CYCPL3;
				INFOPLIST_FILE = TestShareUITests/Info.plist;
				LD_RUNPATH_SEARCH_PATHS = (
					"$(inherited)",
					"@executable_path/Frameworks",
					"@loader_path/Frameworks",
				);
				PRODUCT_BUNDLE_IDENTIFIER = POP.TestShareUITests;
				PRODUCT_NAME = "$(TARGET_NAME)";
				SWIFT_VERSION = 5.0;
				TARGETED_DEVICE_FAMILY = "1,2";
				TEST_TARGET_NAME = TestShare;
			};
			name = Debug;
		};
		F9DF33D325A5F73E008A9C21 /* Release */ = {
			isa = XCBuildConfiguration;
			buildSettings = {
				ALWAYS_EMBED_SWIFT_STANDARD_LIBRARIES = YES;
				CODE_SIGN_STYLE = Automatic;
				DEVELOPMENT_TEAM = 7598CYCPL3;
				INFOPLIST_FILE = TestShareUITests/Info.plist;
				LD_RUNPATH_SEARCH_PATHS = (
					"$(inherited)",
					"@executable_path/Frameworks",
					"@loader_path/Frameworks",
				);
				PRODUCT_BUNDLE_IDENTIFIER = POP.TestShareUITests;
				PRODUCT_NAME = "$(TARGET_NAME)";
				SWIFT_VERSION = 5.0;
				TARGETED_DEVICE_FAMILY = "1,2";
				TEST_TARGET_NAME = TestShare;
			};
			name = Release;
		};
		F9DF33E725A5F7E2008A9C21 /* Debug */ = {
			isa = XCBuildConfiguration;
			buildSettings = {
				CODE_SIGN_STYLE = Automatic;
				DEVELOPMENT_TEAM = 7598CYCPL3;
				INFOPLIST_FILE = ShareExtension/Info.plist;
				LD_RUNPATH_SEARCH_PATHS = (
					"$(inherited)",
					"@executable_path/Frameworks",
					"@executable_path/../../Frameworks",
				);
				PRODUCT_BUNDLE_IDENTIFIER = POP.TestShare.ShareExtension;
				PRODUCT_NAME = "$(TARGET_NAME)";
				SKIP_INSTALL = YES;
				SWIFT_VERSION = 5.0;
				TARGETED_DEVICE_FAMILY = "1,2";
			};
			name = Debug;
		};
		F9DF33E825A5F7E2008A9C21 /* Release */ = {
			isa = XCBuildConfiguration;
			buildSettings = {
				CODE_SIGN_STYLE = Automatic;
				DEVELOPMENT_TEAM = 7598CYCPL3;
				INFOPLIST_FILE = ShareExtension/Info.plist;
				LD_RUNPATH_SEARCH_PATHS = (
					"$(inherited)",
					"@executable_path/Frameworks",
					"@executable_path/../../Frameworks",
				);
				PRODUCT_BUNDLE_IDENTIFIER = POP.TestShare.ShareExtension;
				PRODUCT_NAME = "$(TARGET_NAME)";
				SKIP_INSTALL = YES;
				SWIFT_VERSION = 5.0;
				TARGETED_DEVICE_FAMILY = "1,2";
			};
			name = Release;
		};
/* End XCBuildConfiguration section */

/* Begin XCConfigurationList section */
		F9DF339C25A5F73D008A9C21 /* Build configuration list for PBXProject "TestShare" */ = {
			isa = XCConfigurationList;
			buildConfigurations = (
				F9DF33C925A5F73E008A9C21 /* Debug */,
				F9DF33CA25A5F73E008A9C21 /* Release */,
			);
			defaultConfigurationIsVisible = 0;
			defaultConfigurationName = Release;
		};
		F9DF33CB25A5F73E008A9C21 /* Build configuration list for PBXNativeTarget "TestShare" */ = {
			isa = XCConfigurationList;
			buildConfigurations = (
				F9DF33CC25A5F73E008A9C21 /* Debug */,
				F9DF33CD25A5F73E008A9C21 /* Release */,
			);
			defaultConfigurationIsVisible = 0;
			defaultConfigurationName = Release;
		};
		F9DF33CE25A5F73E008A9C21 /* Build configuration list for PBXNativeTarget "TestShareTests" */ = {
			isa = XCConfigurationList;
			buildConfigurations = (
				F9DF33CF25A5F73E008A9C21 /* Debug */,
				F9DF33D025A5F73E008A9C21 /* Release */,
			);
			defaultConfigurationIsVisible = 0;
			defaultConfigurationName = Release;
		};
		F9DF33D125A5F73E008A9C21 /* Build configuration list for PBXNativeTarget "TestShareUITests" */ = {
			isa = XCConfigurationList;
			buildConfigurations = (
				F9DF33D225A5F73E008A9C21 /* Debug */,
				F9DF33D325A5F73E008A9C21 /* Release */,
			);
			defaultConfigurationIsVisible = 0;
			defaultConfigurationName = Release;
		};
		F9DF33E625A5F7E2008A9C21 /* Build configuration list for PBXNativeTarget "ShareExtension" */ = {
			isa = XCConfigurationList;
			buildConfigurations = (
				F9DF33E725A5F7E2008A9C21 /* Debug */,
				F9DF33E825A5F7E2008A9C21 /* Release */,
			);
			defaultConfigurationIsVisible = 0;
			defaultConfigurationName = Release;
		};
/* End XCConfigurationList section */
	};
	rootObject = F9DF339925A5F73D008A9C21 /* Project object */;
}
